PODS:
  - hpple (0.2.0)
  - SnapKit (4.2.0)
  - WKZombie (1.1.0):
    - hpple (= 0.2.0)

DEPENDENCIES:
  - SnapKit
  - WKZombie

SPEC REPOS:
  https://github.com/cocoapods/specs.git:
    - hpple
    - SnapKit
    - WKZombie

SPEC CHECKSUMS:
  hpple: 3b765f96fc2cd56ad1a49aef6f7be5cb2aa64b57
  SnapKit: fe8a619752f3f27075cc9a90244d75c6c3f27e2a
  WKZombie: bde6786b3c76f4336959d849b365c274d61d8286

PODFILE CHECKSUM: 89ffd99e64a050e77363cb6b53ffea1677e99d5a

COCOAPODS: 1.6.1
