// !$*UTF8*$!
{
	archiveVersion = 1;
	classes = {
	};
	objectVersion = 50;
	objects = {

/* Begin PBXBuildFile section */
		0160B2A9E070896DC017D3BE /* Pods_SSHButton.framework in Frameworks */ = {isa = PBXBuildFile; fileRef = BB9D06790497C15EF958AE03 /* Pods_SSHButton.framework */; };
		78BF16DD789DE2EA2AA9A87C /* libPods-SSHButton WatchKit App.a in Frameworks */ = {isa = PBXBuildFile; fileRef = E84FC88FFBA49BF732F0E070 /* libPods-SSHButton WatchKit App.a */; };
		8F93999CFABCC437D8F6F7DC /* Pods_SSHButton_WatchKit_Extension.framework in Frameworks */ = {isa = PBXBuildFile; fileRef = A627B0D7E1F18E734A54A8BF /* Pods_SSHButton_WatchKit_Extension.framework */; };
		B810DB7C2235F44100945372 /* LaunchScreen.storyboard in Resources */ = {isa = PBXBuildFile; fileRef = B810DB7B2235F44100945372 /* LaunchScreen.storyboard */; };
		B81F8F6F22355C52008CA309 /* AppDelegate.swift in Sources */ = {isa = PBXBuildFile; fileRef = B81F8F6E22355C52008CA309 /* AppDelegate.swift */; };
		B81F8F7122355C52008CA309 /* ViewController.swift in Sources */ = {isa = PBXBuildFile; fileRef = B81F8F7022355C52008CA309 /* ViewController.swift */; };
		B81F8F7622355C53008CA309 /* Assets.xcassets in Resources */ = {isa = PBXBuildFile; fileRef = B81F8F7522355C53008CA309 /* Assets.xcassets */; };
		B81F8F7E22355C53008CA309 /* SSHButton WatchKit App.app in Embed Watch Content */ = {isa = PBXBuildFile; fileRef = B81F8F7D22355C53008CA309 /* SSHButton WatchKit App.app */; };
		B81F8F8422355C53008CA309 /* Interface.storyboard in Resources */ = {isa = PBXBuildFile; fileRef = B81F8F8222355C53008CA309 /* Interface.storyboard */; };
		B81F8F8622355C54008CA309 /* Assets.xcassets in Resources */ = {isa = PBXBuildFile; fileRef = B81F8F8522355C54008CA309 /* Assets.xcassets */; };
		B81F8F8D22355C54008CA309 /* SSHButton WatchKit Extension.appex in Embed App Extensions */ = {isa = PBXBuildFile; fileRef = B81F8F8C22355C54008CA309 /* SSHButton WatchKit Extension.appex */; settings = {ATTRIBUTES = (RemoveHeadersOnCopy, ); }; };
		B81F8F9222355C54008CA309 /* InterfaceController.swift in Sources */ = {isa = PBXBuildFile; fileRef = B81F8F9122355C54008CA309 /* InterfaceController.swift */; };
		B81F8F9422355C54008CA309 /* ExtensionDelegate.swift in Sources */ = {isa = PBXBuildFile; fileRef = B81F8F9322355C54008CA309 /* ExtensionDelegate.swift */; };
		B81F8F9622355C54008CA309 /* NotificationController.swift in Sources */ = {isa = PBXBuildFile; fileRef = B81F8F9522355C54008CA309 /* NotificationController.swift */; };
		B81F8F9822355C54008CA309 /* Assets.xcassets in Resources */ = {isa = PBXBuildFile; fileRef = B81F8F9722355C54008CA309 /* Assets.xcassets */; };
		B81F8FAD2235863B008CA309 /* MainView.swift in Sources */ = {isa = PBXBuildFile; fileRef = B81F8FAC2235863B008CA309 /* MainView.swift */; };
		B81F8FAF2235D0FF008CA309 /* InjectorFile.swift in Sources */ = {isa = PBXBuildFile; fileRef = B81F8FAE2235D0FF008CA309 /* InjectorFile.swift */; };
/* End PBXBuildFile section */

/* Begin PBXContainerItemProxy section */
		B81F8F7F22355C53008CA309 /* PBXContainerItemProxy */ = {
			isa = PBXContainerItemProxy;
			containerPortal = B81F8F6322355C52008CA309 /* Project object */;
			proxyType = 1;
			remoteGlobalIDString = B81F8F7C22355C53008CA309;
			remoteInfo = "SSHButton WatchKit App";
		};
		B81F8F8E22355C54008CA309 /* PBXContainerItemProxy */ = {
			isa = PBXContainerItemProxy;
			containerPortal = B81F8F6322355C52008CA309 /* Project object */;
			proxyType = 1;
			remoteGlobalIDString = B81F8F8B22355C54008CA309;
			remoteInfo = "SSHButton WatchKit Extension";
		};
/* End PBXContainerItemProxy section */

/* Begin PBXCopyFilesBuildPhase section */
		B81F8FA022355C55008CA309 /* Embed App Extensions */ = {
			isa = PBXCopyFilesBuildPhase;
			buildActionMask = 2147483647;
			dstPath = "";
			dstSubfolderSpec = 13;
			files = (
				B81F8F8D22355C54008CA309 /* SSHButton WatchKit Extension.appex in Embed App Extensions */,
			);
			name = "Embed App Extensions";
			runOnlyForDeploymentPostprocessing = 0;
		};
		B81F8FA422355C55008CA309 /* Embed Watch Content */ = {
			isa = PBXCopyFilesBuildPhase;
			buildActionMask = 2147483647;
			dstPath = "$(CONTENTS_FOLDER_PATH)/Watch";
			dstSubfolderSpec = 16;
			files = (
				B81F8F7E22355C53008CA309 /* SSHButton WatchKit App.app in Embed Watch Content */,
			);
			name = "Embed Watch Content";
			runOnlyForDeploymentPostprocessing = 0;
		};
/* End PBXCopyFilesBuildPhase section */

/* Begin PBXFileReference section */
		3CAEDCDCD6967D4A882AFFBB /* Pods-SSHButton WatchKit Extension.release.xcconfig */ = {isa = PBXFileReference; includeInIndex = 1; lastKnownFileType = text.xcconfig; name = "Pods-SSHButton WatchKit Extension.release.xcconfig"; path = "Target Support Files/Pods-SSHButton WatchKit Extension/Pods-SSHButton WatchKit Extension.release.xcconfig"; sourceTree = "<group>"; };
		4ACD89FA2ACAD74FD3A26619 /* Pods-SSHButton WatchKit App.debug.xcconfig */ = {isa = PBXFileReference; includeInIndex = 1; lastKnownFileType = text.xcconfig; name = "Pods-SSHButton WatchKit App.debug.xcconfig"; path = "Target Support Files/Pods-SSHButton WatchKit App/Pods-SSHButton WatchKit App.debug.xcconfig"; sourceTree = "<group>"; };
		86DA3C77E5EF934380A94AF5 /* Pods-SSHButton WatchKit Extension.debug.xcconfig */ = {isa = PBXFileReference; includeInIndex = 1; lastKnownFileType = text.xcconfig; name = "Pods-SSHButton WatchKit Extension.debug.xcconfig"; path = "Target Support Files/Pods-SSHButton WatchKit Extension/Pods-SSHButton WatchKit Extension.debug.xcconfig"; sourceTree = "<group>"; };
		A627B0D7E1F18E734A54A8BF /* Pods_SSHButton_WatchKit_Extension.framework */ = {isa = PBXFileReference; explicitFileType = wrapper.framework; includeInIndex = 0; path = Pods_SSHButton_WatchKit_Extension.framework; sourceTree = BUILT_PRODUCTS_DIR; };
		A83F1024A44ADB763D73E029 /* Pods-SSHButton WatchKit App.release.xcconfig */ = {isa = PBXFileReference; includeInIndex = 1; lastKnownFileType = text.xcconfig; name = "Pods-SSHButton WatchKit App.release.xcconfig"; path = "Target Support Files/Pods-SSHButton WatchKit App/Pods-SSHButton WatchKit App.release.xcconfig"; sourceTree = "<group>"; };
		A9CBE56706995BB049304598 /* Pods-SSHButton.debug.xcconfig */ = {isa = PBXFileReference; includeInIndex = 1; lastKnownFileType = text.xcconfig; name = "Pods-SSHButton.debug.xcconfig"; path = "Target Support Files/Pods-SSHButton/Pods-SSHButton.debug.xcconfig"; sourceTree = "<group>"; };
		B810DB7B2235F44100945372 /* LaunchScreen.storyboard */ = {isa = PBXFileReference; fileEncoding = 4; lastKnownFileType = file.storyboard; name = LaunchScreen.storyboard; path = "../../../Reused Files/LaunchScreen.storyboard"; sourceTree = "<group>"; };
		B81F8F6B22355C52008CA309 /* SSHButton.app */ = {isa = PBXFileReference; explicitFileType = wrapper.application; includeInIndex = 0; path = SSHButton.app; sourceTree = BUILT_PRODUCTS_DIR; };
		B81F8F6E22355C52008CA309 /* AppDelegate.swift */ = {isa = PBXFileReference; lastKnownFileType = sourcecode.swift; path = AppDelegate.swift; sourceTree = "<group>"; };
		B81F8F7022355C52008CA309 /* ViewController.swift */ = {isa = PBXFileReference; lastKnownFileType = sourcecode.swift; path = ViewController.swift; sourceTree = "<group>"; };
		B81F8F7522355C53008CA309 /* Assets.xcassets */ = {isa = PBXFileReference; lastKnownFileType = folder.assetcatalog; path = Assets.xcassets; sourceTree = "<group>"; };
		B81F8F7A22355C53008CA309 /* Info.plist */ = {isa = PBXFileReference; lastKnownFileType = text.plist.xml; path = Info.plist; sourceTree = "<group>"; };
		B81F8F7D22355C53008CA309 /* SSHButton WatchKit App.app */ = {isa = PBXFileReference; explicitFileType = wrapper.application; includeInIndex = 0; path = "SSHButton WatchKit App.app"; sourceTree = BUILT_PRODUCTS_DIR; };
		B81F8F8322355C53008CA309 /* Base */ = {isa = PBXFileReference; lastKnownFileType = file.storyboard; name = Base; path = Base.lproj/Interface.storyboard; sourceTree = "<group>"; };
		B81F8F8522355C54008CA309 /* Assets.xcassets */ = {isa = PBXFileReference; lastKnownFileType = folder.assetcatalog; path = Assets.xcassets; sourceTree = "<group>"; };
		B81F8F8722355C54008CA309 /* Info.plist */ = {isa = PBXFileReference; lastKnownFileType = text.plist.xml; path = Info.plist; sourceTree = "<group>"; };
		B81F8F8C22355C54008CA309 /* SSHButton WatchKit Extension.appex */ = {isa = PBXFileReference; explicitFileType = "wrapper.app-extension"; includeInIndex = 0; path = "SSHButton WatchKit Extension.appex"; sourceTree = BUILT_PRODUCTS_DIR; };
		B81F8F9122355C54008CA309 /* InterfaceController.swift */ = {isa = PBXFileReference; lastKnownFileType = sourcecode.swift; path = InterfaceController.swift; sourceTree = "<group>"; };
		B81F8F9322355C54008CA309 /* ExtensionDelegate.swift */ = {isa = PBXFileReference; lastKnownFileType = sourcecode.swift; path = ExtensionDelegate.swift; sourceTree = "<group>"; };
		B81F8F9522355C54008CA309 /* NotificationController.swift */ = {isa = PBXFileReference; lastKnownFileType = sourcecode.swift; path = NotificationController.swift; sourceTree = "<group>"; };
		B81F8F9722355C54008CA309 /* Assets.xcassets */ = {isa = PBXFileReference; lastKnownFileType = folder.assetcatalog; path = Assets.xcassets; sourceTree = "<group>"; };
		B81F8F9922355C55008CA309 /* Info.plist */ = {isa = PBXFileReference; lastKnownFileType = text.plist.xml; path = Info.plist; sourceTree = "<group>"; };
		B81F8F9A22355C55008CA309 /* PushNotificationPayload.apns */ = {isa = PBXFileReference; lastKnownFileType = text; path = PushNotificationPayload.apns; sourceTree = "<group>"; };
		B81F8FAC2235863B008CA309 /* MainView.swift */ = {isa = PBXFileReference; lastKnownFileType = sourcecode.swift; path = MainView.swift; sourceTree = "<group>"; };
		B81F8FAE2235D0FF008CA309 /* InjectorFile.swift */ = {isa = PBXFileReference; lastKnownFileType = sourcecode.swift; path = InjectorFile.swift; sourceTree = "<group>"; };
		BB9D06790497C15EF958AE03 /* Pods_SSHButton.framework */ = {isa = PBXFileReference; explicitFileType = wrapper.framework; includeInIndex = 0; path = Pods_SSHButton.framework; sourceTree = BUILT_PRODUCTS_DIR; };
		D61967F364539AB2A8BD0D34 /* Pods-SSHButton.release.xcconfig */ = {isa = PBXFileReference; includeInIndex = 1; lastKnownFileType = text.xcconfig; name = "Pods-SSHButton.release.xcconfig"; path = "Target Support Files/Pods-SSHButton/Pods-SSHButton.release.xcconfig"; sourceTree = "<group>"; };
		E84FC88FFBA49BF732F0E070 /* libPods-SSHButton WatchKit App.a */ = {isa = PBXFileReference; explicitFileType = archive.ar; includeInIndex = 0; path = "libPods-SSHButton WatchKit App.a"; sourceTree = BUILT_PRODUCTS_DIR; };
/* End PBXFileReference section */

/* Begin PBXFrameworksBuildPhase section */
		B309A23F617F811A1BB46D9F /* Frameworks */ = {
			isa = PBXFrameworksBuildPhase;
			buildActionMask = 2147483647;
			files = (
				78BF16DD789DE2EA2AA9A87C /* libPods-SSHButton WatchKit App.a in Frameworks */,
			);
			runOnlyForDeploymentPostprocessing = 0;
		};
		B81F8F6822355C52008CA309 /* Frameworks */ = {
			isa = PBXFrameworksBuildPhase;
			buildActionMask = 2147483647;
			files = (
				0160B2A9E070896DC017D3BE /* Pods_SSHButton.framework in Frameworks */,
			);
			runOnlyForDeploymentPostprocessing = 0;
		};
		B81F8F8922355C54008CA309 /* Frameworks */ = {
			isa = PBXFrameworksBuildPhase;
			buildActionMask = 2147483647;
			files = (
				8F93999CFABCC437D8F6F7DC /* Pods_SSHButton_WatchKit_Extension.framework in Frameworks */,
			);
			runOnlyForDeploymentPostprocessing = 0;
		};
/* End PBXFrameworksBuildPhase section */

/* Begin PBXGroup section */
		9FB973F0453B2526BCB06644 /* Pods */ = {
			isa = PBXGroup;
			children = (
				A9CBE56706995BB049304598 /* Pods-SSHButton.debug.xcconfig */,
				D61967F364539AB2A8BD0D34 /* Pods-SSHButton.release.xcconfig */,
				4ACD89FA2ACAD74FD3A26619 /* Pods-SSHButton WatchKit App.debug.xcconfig */,
				A83F1024A44ADB763D73E029 /* Pods-SSHButton WatchKit App.release.xcconfig */,
				86DA3C77E5EF934380A94AF5 /* Pods-SSHButton WatchKit Extension.debug.xcconfig */,
				3CAEDCDCD6967D4A882AFFBB /* Pods-SSHButton WatchKit Extension.release.xcconfig */,
			);
			path = Pods;
			sourceTree = "<group>";
		};
		A10EC97393AD9FF2531CD920 /* Frameworks */ = {
			isa = PBXGroup;
			children = (
				BB9D06790497C15EF958AE03 /* Pods_SSHButton.framework */,
				E84FC88FFBA49BF732F0E070 /* libPods-SSHButton WatchKit App.a */,
				A627B0D7E1F18E734A54A8BF /* Pods_SSHButton_WatchKit_Extension.framework */,
			);
			name = Frameworks;
			sourceTree = "<group>";
		};
		B81F8F6222355C52008CA309 = {
			isa = PBXGroup;
			children = (
				B81F8F6D22355C52008CA309 /* SSHButton */,
				B81F8F8122355C53008CA309 /* SSHButton WatchKit App */,
				B81F8F9022355C54008CA309 /* SSHButton WatchKit Extension */,
				B81F8F6C22355C52008CA309 /* Products */,
				9FB973F0453B2526BCB06644 /* Pods */,
				A10EC97393AD9FF2531CD920 /* Frameworks */,
			);
			sourceTree = "<group>";
		};
		B81F8F6C22355C52008CA309 /* Products */ = {
			isa = PBXGroup;
			children = (
				B81F8F6B22355C52008CA309 /* SSHButton.app */,
				B81F8F7D22355C53008CA309 /* SSHButton WatchKit App.app */,
				B81F8F8C22355C54008CA309 /* SSHButton WatchKit Extension.appex */,
			);
			name = Products;
			sourceTree = "<group>";
		};
		B81F8F6D22355C52008CA309 /* SSHButton */ = {
			isa = PBXGroup;
			children = (
				B81F8FAA22355D3E008CA309 /* View */,
				B81F8FA822355D39008CA309 /* Controller */,
				B81F8FA922355D3B008CA309 /* Model */,
				B81F8FAB22355D54008CA309 /* Supporting Files */,
				B81F8F7A22355C53008CA309 /* Info.plist */,
			);
			path = SSHButton;
			sourceTree = "<group>";
		};
		B81F8F8122355C53008CA309 /* SSHButton WatchKit App */ = {
			isa = PBXGroup;
			children = (
				B81F8F8222355C53008CA309 /* Interface.storyboard */,
				B81F8F8522355C54008CA309 /* Assets.xcassets */,
				B81F8F8722355C54008CA309 /* Info.plist */,
			);
			path = "SSHButton WatchKit App";
			sourceTree = "<group>";
		};
		B81F8F9022355C54008CA309 /* SSHButton WatchKit Extension */ = {
			isa = PBXGroup;
			children = (
				B81F8F9122355C54008CA309 /* InterfaceController.swift */,
				B81F8F9322355C54008CA309 /* ExtensionDelegate.swift */,
				B81F8F9522355C54008CA309 /* NotificationController.swift */,
				B81F8F9722355C54008CA309 /* Assets.xcassets */,
				B81F8F9922355C55008CA309 /* Info.plist */,
				B81F8F9A22355C55008CA309 /* PushNotificationPayload.apns */,
			);
			path = "SSHButton WatchKit Extension";
			sourceTree = "<group>";
		};
		B81F8FA822355D39008CA309 /* Controller */ = {
			isa = PBXGroup;
			children = (
				B81F8F7022355C52008CA309 /* ViewController.swift */,
			);
			path = Controller;
			sourceTree = "<group>";
		};
		B81F8FA922355D3B008CA309 /* Model */ = {
			isa = PBXGroup;
			children = (
				B81F8FAE2235D0FF008CA309 /* InjectorFile.swift */,
			);
			path = Model;
			sourceTree = "<group>";
		};
		B81F8FAA22355D3E008CA309 /* View */ = {
			isa = PBXGroup;
			children = (
				B81F8FAC2235863B008CA309 /* MainView.swift */,
			);
			path = View;
			sourceTree = "<group>";
		};
		B81F8FAB22355D54008CA309 /* Supporting Files */ = {
			isa = PBXGroup;
			children = (
				B81F8F6E22355C52008CA309 /* AppDelegate.swift */,
				B810DB7B2235F44100945372 /* LaunchScreen.storyboard */,
				B81F8F7522355C53008CA309 /* Assets.xcassets */,
			);
			path = "Supporting Files";
			sourceTree = "<group>";
		};
/* End PBXGroup section */

/* Begin PBXNativeTarget section */
		B81F8F6A22355C52008CA309 /* SSHButton */ = {
			isa = PBXNativeTarget;
			buildConfigurationList = B81F8FA522355C55008CA309 /* Build configuration list for PBXNativeTarget "SSHButton" */;
			buildPhases = (
				18C278E4B06D47DE332C6AF3 /* [CP] Check Pods Manifest.lock */,
				B81F8F6722355C52008CA309 /* Sources */,
				B81F8F6822355C52008CA309 /* Frameworks */,
				B81F8F6922355C52008CA309 /* Resources */,
				B81F8FA422355C55008CA309 /* Embed Watch Content */,
				9A217CE1CE4C198C86BF9EE0 /* [CP] Embed Pods Frameworks */,
			);
			buildRules = (
			);
			dependencies = (
				B81F8F8022355C53008CA309 /* PBXTargetDependency */,
			);
			name = SSHButton;
			productName = SSHButton;
			productReference = B81F8F6B22355C52008CA309 /* SSHButton.app */;
			productType = "com.apple.product-type.application";
		};
		B81F8F7C22355C53008CA309 /* SSHButton WatchKit App */ = {
			isa = PBXNativeTarget;
			buildConfigurationList = B81F8FA122355C55008CA309 /* Build configuration list for PBXNativeTarget "SSHButton WatchKit App" */;
			buildPhases = (
				B39C68C9F5E6EC4956A438BE /* [CP] Check Pods Manifest.lock */,
				B81F8F7B22355C53008CA309 /* Resources */,
				B81F8FA022355C55008CA309 /* Embed App Extensions */,
				B309A23F617F811A1BB46D9F /* Frameworks */,
			);
			buildRules = (
			);
			dependencies = (
				B81F8F8F22355C54008CA309 /* PBXTargetDependency */,
			);
			name = "SSHButton WatchKit App";
			productName = "SSHButton WatchKit App";
			productReference = B81F8F7D22355C53008CA309 /* SSHButton WatchKit App.app */;
			productType = "com.apple.product-type.application.watchapp2";
		};
		B81F8F8B22355C54008CA309 /* SSHButton WatchKit Extension */ = {
			isa = PBXNativeTarget;
			buildConfigurationList = B81F8F9D22355C55008CA309 /* Build configuration list for PBXNativeTarget "SSHButton WatchKit Extension" */;
			buildPhases = (
				B7066B3E161FAC32333318BB /* [CP] Check Pods Manifest.lock */,
				B81F8F8822355C54008CA309 /* Sources */,
				B81F8F8922355C54008CA309 /* Frameworks */,
				B81F8F8A22355C54008CA309 /* Resources */,
			);
			buildRules = (
			);
			dependencies = (
			);
			name = "SSHButton WatchKit Extension";
			productName = "SSHButton WatchKit Extension";
			productReference = B81F8F8C22355C54008CA309 /* SSHButton WatchKit Extension.appex */;
			productType = "com.apple.product-type.watchkit2-extension";
		};
/* End PBXNativeTarget section */

/* Begin PBXProject section */
		B81F8F6322355C52008CA309 /* Project object */ = {
			isa = PBXProject;
			attributes = {
				LastSwiftUpdateCheck = 1020;
				LastUpgradeCheck = 1020;
				ORGANIZATIONNAME = "Vlad Munteanu";
				TargetAttributes = {
					B81F8F6A22355C52008CA309 = {
						CreatedOnToolsVersion = 10.2;
					};
					B81F8F7C22355C53008CA309 = {
						CreatedOnToolsVersion = 10.2;
					};
					B81F8F8B22355C54008CA309 = {
						CreatedOnToolsVersion = 10.2;
					};
				};
			};
			buildConfigurationList = B81F8F6622355C52008CA309 /* Build configuration list for PBXProject "SSHButton" */;
			compatibilityVersion = "Xcode 9.3";
			developmentRegion = en;
			hasScannedForEncodings = 0;
			knownRegions = (
				en,
				Base,
			);
			mainGroup = B81F8F6222355C52008CA309;
			productRefGroup = B81F8F6C22355C52008CA309 /* Products */;
			projectDirPath = "";
			projectRoot = "";
			targets = (
				B81F8F6A22355C52008CA309 /* SSHButton */,
				B81F8F7C22355C53008CA309 /* SSHButton WatchKit App */,
				B81F8F8B22355C54008CA309 /* SSHButton WatchKit Extension */,
			);
		};
/* End PBXProject section */

/* Begin PBXResourcesBuildPhase section */
		B81F8F6922355C52008CA309 /* Resources */ = {
			isa = PBXResourcesBuildPhase;
			buildActionMask = 2147483647;
			files = (
				B81F8F7622355C53008CA309 /* Assets.xcassets in Resources */,
				B810DB7C2235F44100945372 /* LaunchScreen.storyboard in Resources */,
			);
			runOnlyForDeploymentPostprocessing = 0;
		};
		B81F8F7B22355C53008CA309 /* Resources */ = {
			isa = PBXResourcesBuildPhase;
			buildActionMask = 2147483647;
			files = (
				B81F8F8622355C54008CA309 /* Assets.xcassets in Resources */,
				B81F8F8422355C53008CA309 /* Interface.storyboard in Resources */,
			);
			runOnlyForDeploymentPostprocessing = 0;
		};
		B81F8F8A22355C54008CA309 /* Resources */ = {
			isa = PBXResourcesBuildPhase;
			buildActionMask = 2147483647;
			files = (
				B81F8F9822355C54008CA309 /* Assets.xcassets in Resources */,
			);
			runOnlyForDeploymentPostprocessing = 0;
		};
/* End PBXResourcesBuildPhase section */

/* Begin PBXShellScriptBuildPhase section */
		18C278E4B06D47DE332C6AF3 /* [CP] Check Pods Manifest.lock */ = {
			isa = PBXShellScriptBuildPhase;
			buildActionMask = 2147483647;
			files = (
			);
			inputFileListPaths = (
			);
			inputPaths = (
				"${PODS_PODFILE_DIR_PATH}/Podfile.lock",
				"${PODS_ROOT}/Manifest.lock",
			);
			name = "[CP] Check Pods Manifest.lock";
			outputFileListPaths = (
			);
			outputPaths = (
				"$(DERIVED_FILE_DIR)/Pods-SSHButton-checkManifestLockResult.txt",
			);
			runOnlyForDeploymentPostprocessing = 0;
			shellPath = /bin/sh;
			shellScript = "diff \"${PODS_PODFILE_DIR_PATH}/Podfile.lock\" \"${PODS_ROOT}/Manifest.lock\" > /dev/null\nif [ $? != 0 ] ; then\n    # print error to STDERR\n    echo \"error: The sandbox is not in sync with the Podfile.lock. Run 'pod install' or update your CocoaPods installation.\" >&2\n    exit 1\nfi\n# This output is used by Xcode 'outputs' to avoid re-running this script phase.\necho \"SUCCESS\" > \"${SCRIPT_OUTPUT_FILE_0}\"\n";
			showEnvVarsInLog = 0;
		};
		9A217CE1CE4C198C86BF9EE0 /* [CP] Embed Pods Frameworks */ = {
			isa = PBXShellScriptBuildPhase;
			buildActionMask = 2147483647;
			files = (
			);
			inputFileListPaths = (
			);
			inputPaths = (
				"${PODS_ROOT}/Target Support Files/Pods-SSHButton/Pods-SSHButton-frameworks.sh",
				"${BUILT_PRODUCTS_DIR}/CDAlertView/CDAlertView.framework",
				"${BUILT_PRODUCTS_DIR}/NMSSH/NMSSH.framework",
				"${BUILT_PRODUCTS_DIR}/PVPMikrotikSSH/PVPMikrotikSSH.framework",
				"${BUILT_PRODUCTS_DIR}/SnapKit/SnapKit.framework",
			);
			name = "[CP] Embed Pods Frameworks";
			outputFileListPaths = (
			);
			outputPaths = (
				"${TARGET_BUILD_DIR}/${FRAMEWORKS_FOLDER_PATH}/CDAlertView.framework",
				"${TARGET_BUILD_DIR}/${FRAMEWORKS_FOLDER_PATH}/NMSSH.framework",
				"${TARGET_BUILD_DIR}/${FRAMEWORKS_FOLDER_PATH}/PVPMikrotikSSH.framework",
				"${TARGET_BUILD_DIR}/${FRAMEWORKS_FOLDER_PATH}/SnapKit.framework",
			);
			runOnlyForDeploymentPostprocessing = 0;
			shellPath = /bin/sh;
			shellScript = "\"${PODS_ROOT}/Target Support Files/Pods-SSHButton/Pods-SSHButton-frameworks.sh\"\n";
			showEnvVarsInLog = 0;
		};
		B39C68C9F5E6EC4956A438BE /* [CP] Check Pods Manifest.lock */ = {
			isa = PBXShellScriptBuildPhase;
			buildActionMask = 2147483647;
			files = (
			);
			inputFileListPaths = (
			);
			inputPaths = (
				"${PODS_PODFILE_DIR_PATH}/Podfile.lock",
				"${PODS_ROOT}/Manifest.lock",
			);
			name = "[CP] Check Pods Manifest.lock";
			outputFileListPaths = (
			);
			outputPaths = (
				"$(DERIVED_FILE_DIR)/Pods-SSHButton WatchKit App-checkManifestLockResult.txt",
			);
			runOnlyForDeploymentPostprocessing = 0;
			shellPath = /bin/sh;
			shellScript = "diff \"${PODS_PODFILE_DIR_PATH}/Podfile.lock\" \"${PODS_ROOT}/Manifest.lock\" > /dev/null\nif [ $? != 0 ] ; then\n    # print error to STDERR\n    echo \"error: The sandbox is not in sync with the Podfile.lock. Run 'pod install' or update your CocoaPods installation.\" >&2\n    exit 1\nfi\n# This output is used by Xcode 'outputs' to avoid re-running this script phase.\necho \"SUCCESS\" > \"${SCRIPT_OUTPUT_FILE_0}\"\n";
			showEnvVarsInLog = 0;
		};
		B7066B3E161FAC32333318BB /* [CP] Check Pods Manifest.lock */ = {
			isa = PBXShellScriptBuildPhase;
			buildActionMask = 2147483647;
			files = (
			);
			inputFileListPaths = (
			);
			inputPaths = (
				"${PODS_PODFILE_DIR_PATH}/Podfile.lock",
				"${PODS_ROOT}/Manifest.lock",
			);
			name = "[CP] Check Pods Manifest.lock";
			outputFileListPaths = (
			);
			outputPaths = (
				"$(DERIVED_FILE_DIR)/Pods-SSHButton WatchKit Extension-checkManifestLockResult.txt",
			);
			runOnlyForDeploymentPostprocessing = 0;
			shellPath = /bin/sh;
			shellScript = "diff \"${PODS_PODFILE_DIR_PATH}/Podfile.lock\" \"${PODS_ROOT}/Manifest.lock\" > /dev/null\nif [ $? != 0 ] ; then\n    # print error to STDERR\n    echo \"error: The sandbox is not in sync with the Podfile.lock. Run 'pod install' or update your CocoaPods installation.\" >&2\n    exit 1\nfi\n# This output is used by Xcode 'outputs' to avoid re-running this script phase.\necho \"SUCCESS\" > \"${SCRIPT_OUTPUT_FILE_0}\"\n";
			showEnvVarsInLog = 0;
		};
/* End PBXShellScriptBuildPhase section */

/* Begin PBXSourcesBuildPhase section */
		B81F8F6722355C52008CA309 /* Sources */ = {
			isa = PBXSourcesBuildPhase;
			buildActionMask = 2147483647;
			files = (
				B81F8F7122355C52008CA309 /* ViewController.swift in Sources */,
				B81F8FAD2235863B008CA309 /* MainView.swift in Sources */,
				B81F8F6F22355C52008CA309 /* AppDelegate.swift in Sources */,
				B81F8FAF2235D0FF008CA309 /* InjectorFile.swift in Sources */,
			);
			runOnlyForDeploymentPostprocessing = 0;
		};
		B81F8F8822355C54008CA309 /* Sources */ = {
			isa = PBXSourcesBuildPhase;
			buildActionMask = 2147483647;
			files = (
				B81F8F9622355C54008CA309 /* NotificationController.swift in Sources */,
				B81F8F9422355C54008CA309 /* ExtensionDelegate.swift in Sources */,
				B81F8F9222355C54008CA309 /* InterfaceController.swift in Sources */,
			);
			runOnlyForDeploymentPostprocessing = 0;
		};
/* End PBXSourcesBuildPhase section */

/* Begin PBXTargetDependency section */
		B81F8F8022355C53008CA309 /* PBXTargetDependency */ = {
			isa = PBXTargetDependency;
			target = B81F8F7C22355C53008CA309 /* SSHButton WatchKit App */;
			targetProxy = B81F8F7F22355C53008CA309 /* PBXContainerItemProxy */;
		};
		B81F8F8F22355C54008CA309 /* PBXTargetDependency */ = {
			isa = PBXTargetDependency;
			target = B81F8F8B22355C54008CA309 /* SSHButton WatchKit Extension */;
			targetProxy = B81F8F8E22355C54008CA309 /* PBXContainerItemProxy */;
		};
/* End PBXTargetDependency section */

/* Begin PBXVariantGroup section */
		B81F8F8222355C53008CA309 /* Interface.storyboard */ = {
			isa = PBXVariantGroup;
			children = (
				B81F8F8322355C53008CA309 /* Base */,
			);
			name = Interface.storyboard;
			sourceTree = "<group>";
		};
/* End PBXVariantGroup section */

/* Begin XCBuildConfiguration section */
		B81F8F9B22355C55008CA309 /* Debug */ = {
			isa = XCBuildConfiguration;
			buildSettings = {
				ALWAYS_SEARCH_USER_PATHS = NO;
				CLANG_ANALYZER_NONNULL = YES;
				CLANG_ANALYZER_NUMBER_OBJECT_CONVERSION = YES_AGGRESSIVE;
				CLANG_CXX_LANGUAGE_STANDARD = "gnu++14";
				CLANG_CXX_LIBRARY = "libc++";
				CLANG_ENABLE_MODULES = YES;
				CLANG_ENABLE_OBJC_ARC = YES;
				CLANG_ENABLE_OBJC_WEAK = YES;
				CLANG_WARN_BLOCK_CAPTURE_AUTORELEASING = YES;
				CLANG_WARN_BOOL_CONVERSION = YES;
				CLANG_WARN_COMMA = YES;
				CLANG_WARN_CONSTANT_CONVERSION = YES;
				CLANG_WARN_DEPRECATED_OBJC_IMPLEMENTATIONS = YES;
				CLANG_WARN_DIRECT_OBJC_ISA_USAGE = YES_ERROR;
				CLANG_WARN_DOCUMENTATION_COMMENTS = YES;
				CLANG_WARN_EMPTY_BODY = YES;
				CLANG_WARN_ENUM_CONVERSION = YES;
				CLANG_WARN_INFINITE_RECURSION = YES;
				CLANG_WARN_INT_CONVERSION = YES;
				CLANG_WARN_NON_LITERAL_NULL_CONVERSION = YES;
				CLANG_WARN_OBJC_IMPLICIT_RETAIN_SELF = YES;
				CLANG_WARN_OBJC_LITERAL_CONVERSION = YES;
				CLANG_WARN_OBJC_ROOT_CLASS = YES_ERROR;
				CLANG_WARN_RANGE_LOOP_ANALYSIS = YES;
				CLANG_WARN_STRICT_PROTOTYPES = YES;
				CLANG_WARN_SUSPICIOUS_MOVE = YES;
				CLANG_WARN_UNGUARDED_AVAILABILITY = YES_AGGRESSIVE;
				CLANG_WARN_UNREACHABLE_CODE = YES;
				CLANG_WARN__DUPLICATE_METHOD_MATCH = YES;
				CODE_SIGN_IDENTITY = "iPhone Developer";
				COPY_PHASE_STRIP = NO;
				DEBUG_INFORMATION_FORMAT = dwarf;
				ENABLE_STRICT_OBJC_MSGSEND = YES;
				ENABLE_TESTABILITY = YES;
				GCC_C_LANGUAGE_STANDARD = gnu11;
				GCC_DYNAMIC_NO_PIC = NO;
				GCC_NO_COMMON_BLOCKS = YES;
				GCC_OPTIMIZATION_LEVEL = 0;
				GCC_PREPROCESSOR_DEFINITIONS = (
					"DEBUG=1",
					"$(inherited)",
				);
				GCC_WARN_64_TO_32_BIT_CONVERSION = YES;
				GCC_WARN_ABOUT_RETURN_TYPE = YES_ERROR;
				GCC_WARN_UNDECLARED_SELECTOR = YES;
				GCC_WARN_UNINITIALIZED_AUTOS = YES_AGGRESSIVE;
				GCC_WARN_UNUSED_FUNCTION = YES;
				GCC_WARN_UNUSED_VARIABLE = YES;
				IPHONEOS_DEPLOYMENT_TARGET = 10.0;
				MTL_ENABLE_DEBUG_INFO = INCLUDE_SOURCE;
				MTL_FAST_MATH = YES;
				ONLY_ACTIVE_ARCH = YES;
				SDKROOT = iphoneos;
				SWIFT_ACTIVE_COMPILATION_CONDITIONS = DEBUG;
				SWIFT_OPTIMIZATION_LEVEL = "-Onone";
			};
			name = Debug;
		};
		B81F8F9C22355C55008CA309 /* Release */ = {
			isa = XCBuildConfiguration;
			buildSettings = {
				ALWAYS_SEARCH_USER_PATHS = NO;
				CLANG_ANALYZER_NONNULL = YES;
				CLANG_ANALYZER_NUMBER_OBJECT_CONVERSION = YES_AGGRESSIVE;
				CLANG_CXX_LANGUAGE_STANDARD = "gnu++14";
				CLANG_CXX_LIBRARY = "libc++";
				CLANG_ENABLE_MODULES = YES;
				CLANG_ENABLE_OBJC_ARC = YES;
				CLANG_ENABLE_OBJC_WEAK = YES;
				CLANG_WARN_BLOCK_CAPTURE_AUTORELEASING = YES;
				CLANG_WARN_BOOL_CONVERSION = YES;
				CLANG_WARN_COMMA = YES;
				CLANG_WARN_CONSTANT_CONVERSION = YES;
				CLANG_WARN_DEPRECATED_OBJC_IMPLEMENTATIONS = YES;
				CLANG_WARN_DIRECT_OBJC_ISA_USAGE = YES_ERROR;
				CLANG_WARN_DOCUMENTATION_COMMENTS = YES;
				CLANG_WARN_EMPTY_BODY = YES;
				CLANG_WARN_ENUM_CONVERSION = YES;
				CLANG_WARN_INFINITE_RECURSION = YES;
				CLANG_WARN_INT_CONVERSION = YES;
				CLANG_WARN_NON_LITERAL_NULL_CONVERSION = YES;
				CLANG_WARN_OBJC_IMPLICIT_RETAIN_SELF = YES;
				CLANG_WARN_OBJC_LITERAL_CONVERSION = YES;
				CLANG_WARN_OBJC_ROOT_CLASS = YES_ERROR;
				CLANG_WARN_RANGE_LOOP_ANALYSIS = YES;
				CLANG_WARN_STRICT_PROTOTYPES = YES;
				CLANG_WARN_SUSPICIOUS_MOVE = YES;
				CLANG_WARN_UNGUARDED_AVAILABILITY = YES_AGGRESSIVE;
				CLANG_WARN_UNREACHABLE_CODE = YES;
				CLANG_WARN__DUPLICATE_METHOD_MATCH = YES;
				CODE_SIGN_IDENTITY = "iPhone Developer";
				COPY_PHASE_STRIP = NO;
				DEBUG_INFORMATION_FORMAT = "dwarf-with-dsym";
				ENABLE_NS_ASSERTIONS = NO;
				ENABLE_STRICT_OBJC_MSGSEND = YES;
				GCC_C_LANGUAGE_STANDARD = gnu11;
				GCC_NO_COMMON_BLOCKS = YES;
				GCC_WARN_64_TO_32_BIT_CONVERSION = YES;
				GCC_WARN_ABOUT_RETURN_TYPE = YES_ERROR;
				GCC_WARN_UNDECLARED_SELECTOR = YES;
				GCC_WARN_UNINITIALIZED_AUTOS = YES_AGGRESSIVE;
				GCC_WARN_UNUSED_FUNCTION = YES;
				GCC_WARN_UNUSED_VARIABLE = YES;
				IPHONEOS_DEPLOYMENT_TARGET = 10.0;
				MTL_ENABLE_DEBUG_INFO = NO;
				MTL_FAST_MATH = YES;
				SDKROOT = iphoneos;
				SWIFT_COMPILATION_MODE = wholemodule;
				SWIFT_OPTIMIZATION_LEVEL = "-O";
				VALIDATE_PRODUCT = YES;
			};
			name = Release;
		};
		B81F8F9E22355C55008CA309 /* Debug */ = {
			isa = XCBuildConfiguration;
			baseConfigurationReference = 86DA3C77E5EF934380A94AF5 /* Pods-SSHButton WatchKit Extension.debug.xcconfig */;
			buildSettings = {
				ASSETCATALOG_COMPILER_COMPLICATION_NAME = Complication;
				CODE_SIGN_STYLE = Automatic;
				DEVELOPMENT_TEAM = B8C8RXSHKT;
				INFOPLIST_FILE = "SSHButton WatchKit Extension/Info.plist";
				LD_RUNPATH_SEARCH_PATHS = (
					"$(inherited)",
					"@executable_path/Frameworks",
					"@executable_path/../../Frameworks",
				);
				PRODUCT_BUNDLE_IDENTIFIER = LesGarcons.SSHButton.watchkitapp.watchkitextension;
				PRODUCT_NAME = "${TARGET_NAME}";
				SDKROOT = watchos;
				SKIP_INSTALL = YES;
				SWIFT_VERSION = 5.0;
				TARGETED_DEVICE_FAMILY = 4;
				WATCHOS_DEPLOYMENT_TARGET = 4.0;
			};
			name = Debug;
		};
		B81F8F9F22355C55008CA309 /* Release */ = {
			isa = XCBuildConfiguration;
			baseConfigurationReference = 3CAEDCDCD6967D4A882AFFBB /* Pods-SSHButton WatchKit Extension.release.xcconfig */;
			buildSettings = {
				ASSETCATALOG_COMPILER_COMPLICATION_NAME = Complication;
				CODE_SIGN_STYLE = Automatic;
				DEVELOPMENT_TEAM = B8C8RXSHKT;
				INFOPLIST_FILE = "SSHButton WatchKit Extension/Info.plist";
				LD_RUNPATH_SEARCH_PATHS = (
					"$(inherited)",
					"@executable_path/Frameworks",
					"@executable_path/../../Frameworks",
				);
				PRODUCT_BUNDLE_IDENTIFIER = LesGarcons.SSHButton.watchkitapp.watchkitextension;
				PRODUCT_NAME = "${TARGET_NAME}";
				SDKROOT = watchos;
				SKIP_INSTALL = YES;
				SWIFT_VERSION = 5.0;
				TARGETED_DEVICE_FAMILY = 4;
				WATCHOS_DEPLOYMENT_TARGET = 4.0;
			};
			name = Release;
		};
		B81F8FA222355C55008CA309 /* Debug */ = {
			isa = XCBuildConfiguration;
			baseConfigurationReference = 4ACD89FA2ACAD74FD3A26619 /* Pods-SSHButton WatchKit App.debug.xcconfig */;
			buildSettings = {
				ALWAYS_EMBED_SWIFT_STANDARD_LIBRARIES = YES;
				ASSETCATALOG_COMPILER_APPICON_NAME = AppIcon;
				CODE_SIGN_STYLE = Automatic;
				DEVELOPMENT_TEAM = B8C8RXSHKT;
				IBSC_MODULE = SSHButton_WatchKit_Extension;
				INFOPLIST_FILE = "SSHButton WatchKit App/Info.plist";
				PRODUCT_BUNDLE_IDENTIFIER = LesGarcons.SSHButton.watchkitapp;
				PRODUCT_NAME = "$(TARGET_NAME)";
				SDKROOT = watchos;
				SKIP_INSTALL = YES;
				SWIFT_VERSION = 5.0;
				TARGETED_DEVICE_FAMILY = 4;
				WATCHOS_DEPLOYMENT_TARGET = 4.0;
			};
			name = Debug;
		};
		B81F8FA322355C55008CA309 /* Release */ = {
			isa = XCBuildConfiguration;
			baseConfigurationReference = A83F1024A44ADB763D73E029 /* Pods-SSHButton WatchKit App.release.xcconfig */;
			buildSettings = {
				ALWAYS_EMBED_SWIFT_STANDARD_LIBRARIES = YES;
				ASSETCATALOG_COMPILER_APPICON_NAME = AppIcon;
				CODE_SIGN_STYLE = Automatic;
				DEVELOPMENT_TEAM = B8C8RXSHKT;
				IBSC_MODULE = SSHButton_WatchKit_Extension;
				INFOPLIST_FILE = "SSHButton WatchKit App/Info.plist";
				PRODUCT_BUNDLE_IDENTIFIER = LesGarcons.SSHButton.watchkitapp;
				PRODUCT_NAME = "$(TARGET_NAME)";
				SDKROOT = watchos;
				SKIP_INSTALL = YES;
				SWIFT_VERSION = 5.0;
				TARGETED_DEVICE_FAMILY = 4;
				WATCHOS_DEPLOYMENT_TARGET = 4.0;
			};
			name = Release;
		};
		B81F8FA622355C55008CA309 /* Debug */ = {
			isa = XCBuildConfiguration;
			baseConfigurationReference = A9CBE56706995BB049304598 /* Pods-SSHButton.debug.xcconfig */;
			buildSettings = {
				ASSETCATALOG_COMPILER_APPICON_NAME = AppIcon;
				CODE_SIGN_STYLE = Automatic;
				DEVELOPMENT_TEAM = B8C8RXSHKT;
				INFOPLIST_FILE = SSHButton/Info.plist;
				LD_RUNPATH_SEARCH_PATHS = (
					"$(inherited)",
					"@executable_path/Frameworks",
				);
				PRODUCT_BUNDLE_IDENTIFIER = LesGarcons.SSHButton;
				PRODUCT_NAME = "$(TARGET_NAME)";
				SWIFT_VERSION = 5.0;
				TARGETED_DEVICE_FAMILY = "1,2";
			};
			name = Debug;
		};
		B81F8FA722355C55008CA309 /* Release */ = {
			isa = XCBuildConfiguration;
			baseConfigurationReference = D61967F364539AB2A8BD0D34 /* Pods-SSHButton.release.xcconfig */;
			buildSettings = {
				ASSETCATALOG_COMPILER_APPICON_NAME = AppIcon;
				CODE_SIGN_STYLE = Automatic;
				DEVELOPMENT_TEAM = B8C8RXSHKT;
				INFOPLIST_FILE = SSHButton/Info.plist;
				LD_RUNPATH_SEARCH_PATHS = (
					"$(inherited)",
					"@executable_path/Frameworks",
				);
				PRODUCT_BUNDLE_IDENTIFIER = LesGarcons.SSHButton;
				PRODUCT_NAME = "$(TARGET_NAME)";
				SWIFT_VERSION = 5.0;
				TARGETED_DEVICE_FAMILY = "1,2";
			};
			name = Release;
		};
/* End XCBuildConfiguration section */

/* Begin XCConfigurationList section */
		B81F8F6622355C52008CA309 /* Build configuration list for PBXProject "SSHButton" */ = {
			isa = XCConfigurationList;
			buildConfigurations = (
				B81F8F9B22355C55008CA309 /* Debug */,
				B81F8F9C22355C55008CA309 /* Release */,
			);
			defaultConfigurationIsVisible = 0;
			defaultConfigurationName = Release;
		};
		B81F8F9D22355C55008CA309 /* Build configuration list for PBXNativeTarget "SSHButton WatchKit Extension" */ = {
			isa = XCConfigurationList;
			buildConfigurations = (
				B81F8F9E22355C55008CA309 /* Debug */,
				B81F8F9F22355C55008CA309 /* Release */,
			);
			defaultConfigurationIsVisible = 0;
			defaultConfigurationName = Release;
		};
		B81F8FA122355C55008CA309 /* Build configuration list for PBXNativeTarget "SSHButton WatchKit App" */ = {
			isa = XCConfigurationList;
			buildConfigurations = (
				B81F8FA222355C55008CA309 /* Debug */,
				B81F8FA322355C55008CA309 /* Release */,
			);
			defaultConfigurationIsVisible = 0;
			defaultConfigurationName = Release;
		};
		B81F8FA522355C55008CA309 /* Build configuration list for PBXNativeTarget "SSHButton" */ = {
			isa = XCConfigurationList;
			buildConfigurations = (
				B81F8FA622355C55008CA309 /* Debug */,
				B81F8FA722355C55008CA309 /* Release */,
			);
			defaultConfigurationIsVisible = 0;
			defaultConfigurationName = Release;
		};
/* End XCConfigurationList section */
	};
	rootObject = B81F8F6322355C52008CA309 /* Project object */;
}
