// !$*UTF8*$!
{
	archiveVersion = 1;
	classes = {
	};
	objectVersion = 50;
	objects = {

/* Begin PBXBuildFile section */
		99D8861DBD4B231A171EF2C3 /* Pods_Pwned.framework in Frameworks */ = {isa = PBXBuildFile; fileRef = AD05F60011440FF56EF29AFC /* Pods_Pwned.framework */; };
		B8DC989A222EB1A4008DA5EB /* AppDelegate.swift in Sources */ = {isa = PBXBuildFile; fileRef = B8DC9899222EB1A4008DA5EB /* AppDelegate.swift */; };
		B8DC989C222EB1A4008DA5EB /* MainVC.swift in Sources */ = {isa = PBXBuildFile; fileRef = B8DC989B222EB1A4008DA5EB /* MainVC.swift */; };
		B8DC98A1222EB1A5008DA5EB /* Assets.xcassets in Resources */ = {isa = PBXBuildFile; fileRef = B8DC98A0222EB1A5008DA5EB /* Assets.xcassets */; };
		B8DC98A4222EB1A5008DA5EB /* LaunchScreen.storyboard in Resources */ = {isa = PBXBuildFile; fileRef = B8DC98A2222EB1A5008DA5EB /* LaunchScreen.storyboard */; };
		B8DC98B0222EB4B4008DA5EB /* MainView.swift in Sources */ = {isa = PBXBuildFile; fileRef = B8DC98AF222EB4B4008DA5EB /* MainView.swift */; };
		B8DC98B3222EC37A008DA5EB /* InternetReachability.swift in Sources */ = {isa = PBXBuildFile; fileRef = B8DC98B2222EC37A008DA5EB /* InternetReachability.swift */; };
		B8DC98B5222ECCA6008DA5EB /* SSID.swift in Sources */ = {isa = PBXBuildFile; fileRef = B8DC98B4222ECCA6008DA5EB /* SSID.swift */; };
/* End PBXBuildFile section */

/* Begin PBXFileReference section */
		4BB6B47D5B8C998CB3DDC316 /* Pods-Pwned.debug.xcconfig */ = {isa = PBXFileReference; includeInIndex = 1; lastKnownFileType = text.xcconfig; name = "Pods-Pwned.debug.xcconfig"; path = "Target Support Files/Pods-Pwned/Pods-Pwned.debug.xcconfig"; sourceTree = "<group>"; };
		AD05F60011440FF56EF29AFC /* Pods_Pwned.framework */ = {isa = PBXFileReference; explicitFileType = wrapper.framework; includeInIndex = 0; path = Pods_Pwned.framework; sourceTree = BUILT_PRODUCTS_DIR; };
		B8DC9896222EB1A4008DA5EB /* Pwned.app */ = {isa = PBXFileReference; explicitFileType = wrapper.application; includeInIndex = 0; path = Pwned.app; sourceTree = BUILT_PRODUCTS_DIR; };
		B8DC9899222EB1A4008DA5EB /* AppDelegate.swift */ = {isa = PBXFileReference; lastKnownFileType = sourcecode.swift; path = AppDelegate.swift; sourceTree = "<group>"; };
		B8DC989B222EB1A4008DA5EB /* MainVC.swift */ = {isa = PBXFileReference; lastKnownFileType = sourcecode.swift; path = MainVC.swift; sourceTree = "<group>"; };
		B8DC98A0222EB1A5008DA5EB /* Assets.xcassets */ = {isa = PBXFileReference; lastKnownFileType = folder.assetcatalog; path = Assets.xcassets; sourceTree = "<group>"; };
		B8DC98A3222EB1A5008DA5EB /* Base */ = {isa = PBXFileReference; lastKnownFileType = file.storyboard; name = Base; path = Base.lproj/LaunchScreen.storyboard; sourceTree = "<group>"; };
		B8DC98A5222EB1A5008DA5EB /* Info.plist */ = {isa = PBXFileReference; lastKnownFileType = text.plist.xml; path = Info.plist; sourceTree = "<group>"; };
		B8DC98AF222EB4B4008DA5EB /* MainView.swift */ = {isa = PBXFileReference; lastKnownFileType = sourcecode.swift; path = MainView.swift; sourceTree = "<group>"; };
		B8DC98B2222EC37A008DA5EB /* InternetReachability.swift */ = {isa = PBXFileReference; lastKnownFileType = sourcecode.swift; path = InternetReachability.swift; sourceTree = "<group>"; };
		B8DC98B4222ECCA6008DA5EB /* SSID.swift */ = {isa = PBXFileReference; lastKnownFileType = sourcecode.swift; path = SSID.swift; sourceTree = "<group>"; };
		B8DC98B6222ECF4A008DA5EB /* Pwned.entitlements */ = {isa = PBXFileReference; lastKnownFileType = text.plist.entitlements; path = Pwned.entitlements; sourceTree = "<group>"; };
		B93B98DF8287DAD205BEC56B /* Pods-Pwned.release.xcconfig */ = {isa = PBXFileReference; includeInIndex = 1; lastKnownFileType = text.xcconfig; name = "Pods-Pwned.release.xcconfig"; path = "Target Support Files/Pods-Pwned/Pods-Pwned.release.xcconfig"; sourceTree = "<group>"; };
/* End PBXFileReference section */

/* Begin PBXFrameworksBuildPhase section */
		B8DC9893222EB1A4008DA5EB /* Frameworks */ = {
			isa = PBXFrameworksBuildPhase;
			buildActionMask = 2147483647;
			files = (
				99D8861DBD4B231A171EF2C3 /* Pods_Pwned.framework in Frameworks */,
			);
			runOnlyForDeploymentPostprocessing = 0;
		};
/* End PBXFrameworksBuildPhase section */

/* Begin PBXGroup section */
		B8DC988D222EB1A4008DA5EB = {
			isa = PBXGroup;
			children = (
				B8DC9898222EB1A4008DA5EB /* Pwned */,
				B8DC9897222EB1A4008DA5EB /* Products */,
				BAADA532974D55739DF06DA2 /* Pods */,
				C0E538DBC105B4B537B7A2AB /* Frameworks */,
			);
			sourceTree = "<group>";
		};
		B8DC9897222EB1A4008DA5EB /* Products */ = {
			isa = PBXGroup;
			children = (
				B8DC9896222EB1A4008DA5EB /* Pwned.app */,
			);
			name = Products;
			sourceTree = "<group>";
		};
		B8DC9898222EB1A4008DA5EB /* Pwned */ = {
			isa = PBXGroup;
			children = (
				B8DC98B6222ECF4A008DA5EB /* Pwned.entitlements */,
				B8DC98AB222EB3BA008DA5EB /* View */,
				B8DC98AD222EB3E3008DA5EB /* Controller */,
				B8DC98AC222EB3CC008DA5EB /* Model */,
				B8DC98AE222EB3EB008DA5EB /* Supporting Files */,
				B8DC98B1222EB7F4008DA5EB /* Extra Libraries */,
				B8DC98A5222EB1A5008DA5EB /* Info.plist */,
			);
			path = Pwned;
			sourceTree = "<group>";
		};
		B8DC98AB222EB3BA008DA5EB /* View */ = {
			isa = PBXGroup;
			children = (
				B8DC98AF222EB4B4008DA5EB /* MainView.swift */,
			);
			path = View;
			sourceTree = "<group>";
		};
		B8DC98AC222EB3CC008DA5EB /* Model */ = {
			isa = PBXGroup;
			children = (
				B8DC98B4222ECCA6008DA5EB /* SSID.swift */,
			);
			path = Model;
			sourceTree = "<group>";
		};
		B8DC98AD222EB3E3008DA5EB /* Controller */ = {
			isa = PBXGroup;
			children = (
				B8DC989B222EB1A4008DA5EB /* MainVC.swift */,
			);
			path = Controller;
			sourceTree = "<group>";
		};
		B8DC98AE222EB3EB008DA5EB /* Supporting Files */ = {
			isa = PBXGroup;
			children = (
				B8DC9899222EB1A4008DA5EB /* AppDelegate.swift */,
				B8DC98A0222EB1A5008DA5EB /* Assets.xcassets */,
				B8DC98A2222EB1A5008DA5EB /* LaunchScreen.storyboard */,
			);
			path = "Supporting Files";
			sourceTree = "<group>";
		};
		B8DC98B1222EB7F4008DA5EB /* Extra Libraries */ = {
			isa = PBXGroup;
			children = (
				B8DC98B2222EC37A008DA5EB /* InternetReachability.swift */,
			);
			path = "Extra Libraries";
			sourceTree = "<group>";
		};
		BAADA532974D55739DF06DA2 /* Pods */ = {
			isa = PBXGroup;
			children = (
				4BB6B47D5B8C998CB3DDC316 /* Pods-Pwned.debug.xcconfig */,
				B93B98DF8287DAD205BEC56B /* Pods-Pwned.release.xcconfig */,
			);
			path = Pods;
			sourceTree = "<group>";
		};
		C0E538DBC105B4B537B7A2AB /* Frameworks */ = {
			isa = PBXGroup;
			children = (
				AD05F60011440FF56EF29AFC /* Pods_Pwned.framework */,
			);
			name = Frameworks;
			sourceTree = "<group>";
		};
/* End PBXGroup section */

/* Begin PBXNativeTarget section */
		B8DC9895222EB1A4008DA5EB /* Pwned */ = {
			isa = PBXNativeTarget;
			buildConfigurationList = B8DC98A8222EB1A5008DA5EB /* Build configuration list for PBXNativeTarget "Pwned" */;
			buildPhases = (
				481C563750184BDB3AB5B2FB /* [CP] Check Pods Manifest.lock */,
				B8DC9892222EB1A4008DA5EB /* Sources */,
				B8DC9893222EB1A4008DA5EB /* Frameworks */,
				B8DC9894222EB1A4008DA5EB /* Resources */,
				29C05EFA7B778E74BD8CE2EC /* [CP] Embed Pods Frameworks */,
			);
			buildRules = (
			);
			dependencies = (
			);
			name = Pwned;
			productName = Pwned;
			productReference = B8DC9896222EB1A4008DA5EB /* Pwned.app */;
			productType = "com.apple.product-type.application";
		};
/* End PBXNativeTarget section */

/* Begin PBXProject section */
		B8DC988E222EB1A4008DA5EB /* Project object */ = {
			isa = PBXProject;
			attributes = {
				LastSwiftUpdateCheck = 1020;
				LastUpgradeCheck = 1020;
				ORGANIZATIONNAME = "Vlad Munteanu";
				TargetAttributes = {
					B8DC9895222EB1A4008DA5EB = {
						CreatedOnToolsVersion = 10.2;
						SystemCapabilities = {
							com.apple.AccessWiFi = {
								enabled = 1;
							};
						};
					};
				};
			};
			buildConfigurationList = B8DC9891222EB1A4008DA5EB /* Build configuration list for PBXProject "Pwned" */;
			compatibilityVersion = "Xcode 9.3";
			developmentRegion = en;
			hasScannedForEncodings = 0;
			knownRegions = (
				en,
				Base,
			);
			mainGroup = B8DC988D222EB1A4008DA5EB;
			productRefGroup = B8DC9897222EB1A4008DA5EB /* Products */;
			projectDirPath = "";
			projectRoot = "";
			targets = (
				B8DC9895222EB1A4008DA5EB /* Pwned */,
			);
		};
/* End PBXProject section */

/* Begin PBXResourcesBuildPhase section */
		B8DC9894222EB1A4008DA5EB /* Resources */ = {
			isa = PBXResourcesBuildPhase;
			buildActionMask = 2147483647;
			files = (
				B8DC98A4222EB1A5008DA5EB /* LaunchScreen.storyboard in Resources */,
				B8DC98A1222EB1A5008DA5EB /* Assets.xcassets in Resources */,
			);
			runOnlyForDeploymentPostprocessing = 0;
		};
/* End PBXResourcesBuildPhase section */

/* Begin PBXShellScriptBuildPhase section */
		29C05EFA7B778E74BD8CE2EC /* [CP] Embed Pods Frameworks */ = {
			isa = PBXShellScriptBuildPhase;
			buildActionMask = 2147483647;
			files = (
			);
			inputFileListPaths = (
			);
			inputPaths = (
				"${PODS_ROOT}/Target Support Files/Pods-Pwned/Pods-Pwned-frameworks.sh",
				"${BUILT_PRODUCTS_DIR}/SnapKit/SnapKit.framework",
			);
			name = "[CP] Embed Pods Frameworks";
			outputFileListPaths = (
			);
			outputPaths = (
				"${TARGET_BUILD_DIR}/${FRAMEWORKS_FOLDER_PATH}/SnapKit.framework",
			);
			runOnlyForDeploymentPostprocessing = 0;
			shellPath = /bin/sh;
			shellScript = "\"${PODS_ROOT}/Target Support Files/Pods-Pwned/Pods-Pwned-frameworks.sh\"\n";
			showEnvVarsInLog = 0;
		};
		481C563750184BDB3AB5B2FB /* [CP] Check Pods Manifest.lock */ = {
			isa = PBXShellScriptBuildPhase;
			buildActionMask = 2147483647;
			files = (
			);
			inputFileListPaths = (
			);
			inputPaths = (
				"${PODS_PODFILE_DIR_PATH}/Podfile.lock",
				"${PODS_ROOT}/Manifest.lock",
			);
			name = "[CP] Check Pods Manifest.lock";
			outputFileListPaths = (
			);
			outputPaths = (
				"$(DERIVED_FILE_DIR)/Pods-Pwned-checkManifestLockResult.txt",
			);
			runOnlyForDeploymentPostprocessing = 0;
			shellPath = /bin/sh;
			shellScript = "diff \"${PODS_PODFILE_DIR_PATH}/Podfile.lock\" \"${PODS_ROOT}/Manifest.lock\" > /dev/null\nif [ $? != 0 ] ; then\n    # print error to STDERR\n    echo \"error: The sandbox is not in sync with the Podfile.lock. Run 'pod install' or update your CocoaPods installation.\" >&2\n    exit 1\nfi\n# This output is used by Xcode 'outputs' to avoid re-running this script phase.\necho \"SUCCESS\" > \"${SCRIPT_OUTPUT_FILE_0}\"\n";
			showEnvVarsInLog = 0;
		};
/* End PBXShellScriptBuildPhase section */

/* Begin PBXSourcesBuildPhase section */
		B8DC9892222EB1A4008DA5EB /* Sources */ = {
			isa = PBXSourcesBuildPhase;
			buildActionMask = 2147483647;
			files = (
				B8DC989C222EB1A4008DA5EB /* MainVC.swift in Sources */,
				B8DC98B0222EB4B4008DA5EB /* MainView.swift in Sources */,
				B8DC989A222EB1A4008DA5EB /* AppDelegate.swift in Sources */,
				B8DC98B3222EC37A008DA5EB /* InternetReachability.swift in Sources */,
				B8DC98B5222ECCA6008DA5EB /* SSID.swift in Sources */,
			);
			runOnlyForDeploymentPostprocessing = 0;
		};
/* End PBXSourcesBuildPhase section */

/* Begin PBXVariantGroup section */
		B8DC98A2222EB1A5008DA5EB /* LaunchScreen.storyboard */ = {
			isa = PBXVariantGroup;
			children = (
				B8DC98A3222EB1A5008DA5EB /* Base */,
			);
			name = LaunchScreen.storyboard;
			sourceTree = "<group>";
		};
/* End PBXVariantGroup section */

/* Begin XCBuildConfiguration section */
		B8DC98A6222EB1A5008DA5EB /* Debug */ = {
			isa = XCBuildConfiguration;
			buildSettings = {
				ALWAYS_SEARCH_USER_PATHS = NO;
				CLANG_ANALYZER_NONNULL = YES;
				CLANG_ANALYZER_NUMBER_OBJECT_CONVERSION = YES_AGGRESSIVE;
				CLANG_CXX_LANGUAGE_STANDARD = "gnu++14";
				CLANG_CXX_LIBRARY = "libc++";
				CLANG_ENABLE_MODULES = YES;
				CLANG_ENABLE_OBJC_ARC = YES;
				CLANG_ENABLE_OBJC_WEAK = YES;
				CLANG_WARN_BLOCK_CAPTURE_AUTORELEASING = YES;
				CLANG_WARN_BOOL_CONVERSION = YES;
				CLANG_WARN_COMMA = YES;
				CLANG_WARN_CONSTANT_CONVERSION = YES;
				CLANG_WARN_DEPRECATED_OBJC_IMPLEMENTATIONS = YES;
				CLANG_WARN_DIRECT_OBJC_ISA_USAGE = YES_ERROR;
				CLANG_WARN_DOCUMENTATION_COMMENTS = YES;
				CLANG_WARN_EMPTY_BODY = YES;
				CLANG_WARN_ENUM_CONVERSION = YES;
				CLANG_WARN_INFINITE_RECURSION = YES;
				CLANG_WARN_INT_CONVERSION = YES;
				CLANG_WARN_NON_LITERAL_NULL_CONVERSION = YES;
				CLANG_WARN_OBJC_IMPLICIT_RETAIN_SELF = YES;
				CLANG_WARN_OBJC_LITERAL_CONVERSION = YES;
				CLANG_WARN_OBJC_ROOT_CLASS = YES_ERROR;
				CLANG_WARN_RANGE_LOOP_ANALYSIS = YES;
				CLANG_WARN_STRICT_PROTOTYPES = YES;
				CLANG_WARN_SUSPICIOUS_MOVE = YES;
				CLANG_WARN_UNGUARDED_AVAILABILITY = YES_AGGRESSIVE;
				CLANG_WARN_UNREACHABLE_CODE = YES;
				CLANG_WARN__DUPLICATE_METHOD_MATCH = YES;
				CODE_SIGN_IDENTITY = "iPhone Developer";
				COPY_PHASE_STRIP = NO;
				DEBUG_INFORMATION_FORMAT = dwarf;
				ENABLE_STRICT_OBJC_MSGSEND = YES;
				ENABLE_TESTABILITY = YES;
				GCC_C_LANGUAGE_STANDARD = gnu11;
				GCC_DYNAMIC_NO_PIC = NO;
				GCC_NO_COMMON_BLOCKS = YES;
				GCC_OPTIMIZATION_LEVEL = 0;
				GCC_PREPROCESSOR_DEFINITIONS = (
					"DEBUG=1",
					"$(inherited)",
				);
				GCC_WARN_64_TO_32_BIT_CONVERSION = YES;
				GCC_WARN_ABOUT_RETURN_TYPE = YES_ERROR;
				GCC_WARN_UNDECLARED_SELECTOR = YES;
				GCC_WARN_UNINITIALIZED_AUTOS = YES_AGGRESSIVE;
				GCC_WARN_UNUSED_FUNCTION = YES;
				GCC_WARN_UNUSED_VARIABLE = YES;
				IPHONEOS_DEPLOYMENT_TARGET = 10.0;
				MTL_ENABLE_DEBUG_INFO = INCLUDE_SOURCE;
				MTL_FAST_MATH = YES;
				ONLY_ACTIVE_ARCH = YES;
				SDKROOT = iphoneos;
				SWIFT_ACTIVE_COMPILATION_CONDITIONS = DEBUG;
				SWIFT_OPTIMIZATION_LEVEL = "-Onone";
			};
			name = Debug;
		};
		B8DC98A7222EB1A5008DA5EB /* Release */ = {
			isa = XCBuildConfiguration;
			buildSettings = {
				ALWAYS_SEARCH_USER_PATHS = NO;
				CLANG_ANALYZER_NONNULL = YES;
				CLANG_ANALYZER_NUMBER_OBJECT_CONVERSION = YES_AGGRESSIVE;
				CLANG_CXX_LANGUAGE_STANDARD = "gnu++14";
				CLANG_CXX_LIBRARY = "libc++";
				CLANG_ENABLE_MODULES = YES;
				CLANG_ENABLE_OBJC_ARC = YES;
				CLANG_ENABLE_OBJC_WEAK = YES;
				CLANG_WARN_BLOCK_CAPTURE_AUTORELEASING = YES;
				CLANG_WARN_BOOL_CONVERSION = YES;
				CLANG_WARN_COMMA = YES;
				CLANG_WARN_CONSTANT_CONVERSION = YES;
				CLANG_WARN_DEPRECATED_OBJC_IMPLEMENTATIONS = YES;
				CLANG_WARN_DIRECT_OBJC_ISA_USAGE = YES_ERROR;
				CLANG_WARN_DOCUMENTATION_COMMENTS = YES;
				CLANG_WARN_EMPTY_BODY = YES;
				CLANG_WARN_ENUM_CONVERSION = YES;
				CLANG_WARN_INFINITE_RECURSION = YES;
				CLANG_WARN_INT_CONVERSION = YES;
				CLANG_WARN_NON_LITERAL_NULL_CONVERSION = YES;
				CLANG_WARN_OBJC_IMPLICIT_RETAIN_SELF = YES;
				CLANG_WARN_OBJC_LITERAL_CONVERSION = YES;
				CLANG_WARN_OBJC_ROOT_CLASS = YES_ERROR;
				CLANG_WARN_RANGE_LOOP_ANALYSIS = YES;
				CLANG_WARN_STRICT_PROTOTYPES = YES;
				CLANG_WARN_SUSPICIOUS_MOVE = YES;
				CLANG_WARN_UNGUARDED_AVAILABILITY = YES_AGGRESSIVE;
				CLANG_WARN_UNREACHABLE_CODE = YES;
				CLANG_WARN__DUPLICATE_METHOD_MATCH = YES;
				CODE_SIGN_IDENTITY = "iPhone Developer";
				COPY_PHASE_STRIP = NO;
				DEBUG_INFORMATION_FORMAT = "dwarf-with-dsym";
				ENABLE_NS_ASSERTIONS = NO;
				ENABLE_STRICT_OBJC_MSGSEND = YES;
				GCC_C_LANGUAGE_STANDARD = gnu11;
				GCC_NO_COMMON_BLOCKS = YES;
				GCC_WARN_64_TO_32_BIT_CONVERSION = YES;
				GCC_WARN_ABOUT_RETURN_TYPE = YES_ERROR;
				GCC_WARN_UNDECLARED_SELECTOR = YES;
				GCC_WARN_UNINITIALIZED_AUTOS = YES_AGGRESSIVE;
				GCC_WARN_UNUSED_FUNCTION = YES;
				GCC_WARN_UNUSED_VARIABLE = YES;
				IPHONEOS_DEPLOYMENT_TARGET = 10.0;
				MTL_ENABLE_DEBUG_INFO = NO;
				MTL_FAST_MATH = YES;
				SDKROOT = iphoneos;
				SWIFT_COMPILATION_MODE = wholemodule;
				SWIFT_OPTIMIZATION_LEVEL = "-O";
				VALIDATE_PRODUCT = YES;
			};
			name = Release;
		};
		B8DC98A9222EB1A5008DA5EB /* Debug */ = {
			isa = XCBuildConfiguration;
			baseConfigurationReference = 4BB6B47D5B8C998CB3DDC316 /* Pods-Pwned.debug.xcconfig */;
			buildSettings = {
				ASSETCATALOG_COMPILER_APPICON_NAME = AppIcon;
				CODE_SIGN_ENTITLEMENTS = Pwned/Pwned.entitlements;
				CODE_SIGN_STYLE = Automatic;
				DEVELOPMENT_TEAM = B8C8RXSHKT;
				INFOPLIST_FILE = Pwned/Info.plist;
				LD_RUNPATH_SEARCH_PATHS = (
					"$(inherited)",
					"@executable_path/Frameworks",
				);
				PRODUCT_BUNDLE_IDENTIFIER = LesGarcons.Pwned;
				PRODUCT_NAME = "$(TARGET_NAME)";
				SWIFT_VERSION = 5.0;
				TARGETED_DEVICE_FAMILY = "1,2";
			};
			name = Debug;
		};
		B8DC98AA222EB1A5008DA5EB /* Release */ = {
			isa = XCBuildConfiguration;
			baseConfigurationReference = B93B98DF8287DAD205BEC56B /* Pods-Pwned.release.xcconfig */;
			buildSettings = {
				ASSETCATALOG_COMPILER_APPICON_NAME = AppIcon;
				CODE_SIGN_ENTITLEMENTS = Pwned/Pwned.entitlements;
				CODE_SIGN_STYLE = Automatic;
				DEVELOPMENT_TEAM = B8C8RXSHKT;
				INFOPLIST_FILE = Pwned/Info.plist;
				LD_RUNPATH_SEARCH_PATHS = (
					"$(inherited)",
					"@executable_path/Frameworks",
				);
				PRODUCT_BUNDLE_IDENTIFIER = LesGarcons.Pwned;
				PRODUCT_NAME = "$(TARGET_NAME)";
				SWIFT_VERSION = 5.0;
				TARGETED_DEVICE_FAMILY = "1,2";
			};
			name = Release;
		};
/* End XCBuildConfiguration section */

/* Begin XCConfigurationList section */
		B8DC9891222EB1A4008DA5EB /* Build configuration list for PBXProject "Pwned" */ = {
			isa = XCConfigurationList;
			buildConfigurations = (
				B8DC98A6222EB1A5008DA5EB /* Debug */,
				B8DC98A7222EB1A5008DA5EB /* Release */,
			);
			defaultConfigurationIsVisible = 0;
			defaultConfigurationName = Release;
		};
		B8DC98A8222EB1A5008DA5EB /* Build configuration list for PBXNativeTarget "Pwned" */ = {
			isa = XCConfigurationList;
			buildConfigurations = (
				B8DC98A9222EB1A5008DA5EB /* Debug */,
				B8DC98AA222EB1A5008DA5EB /* Release */,
			);
			defaultConfigurationIsVisible = 0;
			defaultConfigurationName = Release;
		};
/* End XCConfigurationList section */
	};
	rootObject = B8DC988E222EB1A4008DA5EB /* Project object */;
}
