// !$*UTF8*$!
{
	archiveVersion = 1;
	classes = {
	};
	objectVersion = 50;
	objects = {

/* Begin PBXBuildFile section */
		B81F8F4622338A82008CA309 /* AppDelegate.swift in Sources */ = {isa = PBXBuildFile; fileRef = B81F8F4522338A82008CA309 /* AppDelegate.swift */; };
		B81F8F4822338A82008CA309 /* MainVC.swift in Sources */ = {isa = PBXBuildFile; fileRef = B81F8F4722338A82008CA309 /* MainVC.swift */; };
		B81F8F4D22338A83008CA309 /* Assets.xcassets in Resources */ = {isa = PBXBuildFile; fileRef = B81F8F4C22338A83008CA309 /* Assets.xcassets */; };
		B81F8F5D22338B0C008CA309 /* LaunchScreen.storyboard in Resources */ = {isa = PBXBuildFile; fileRef = B81F8F5B22338B0C008CA309 /* LaunchScreen.storyboard */; };
		B81F8F5F22338B6F008CA309 /* MainView.swift in Sources */ = {isa = PBXBuildFile; fileRef = B81F8F5E22338B6F008CA309 /* MainView.swift */; };
		E1B618BBAE756AA066838B8C /* Pods_FlipCoin.framework in Frameworks */ = {isa = PBXBuildFile; fileRef = D85B320BC6D330FBCA5ECC38 /* Pods_FlipCoin.framework */; };
/* End PBXBuildFile section */

/* Begin PBXFileReference section */
		58092A3F194A1FA0F056CB24 /* Pods-FlipCoin.debug.xcconfig */ = {isa = PBXFileReference; includeInIndex = 1; lastKnownFileType = text.xcconfig; name = "Pods-FlipCoin.debug.xcconfig"; path = "Target Support Files/Pods-FlipCoin/Pods-FlipCoin.debug.xcconfig"; sourceTree = "<group>"; };
		B81F8F4222338A82008CA309 /* FlipCoin.app */ = {isa = PBXFileReference; explicitFileType = wrapper.application; includeInIndex = 0; path = FlipCoin.app; sourceTree = BUILT_PRODUCTS_DIR; };
		B81F8F4522338A82008CA309 /* AppDelegate.swift */ = {isa = PBXFileReference; lastKnownFileType = sourcecode.swift; path = AppDelegate.swift; sourceTree = "<group>"; };
		B81F8F4722338A82008CA309 /* MainVC.swift */ = {isa = PBXFileReference; lastKnownFileType = sourcecode.swift; path = MainVC.swift; sourceTree = "<group>"; };
		B81F8F4C22338A83008CA309 /* Assets.xcassets */ = {isa = PBXFileReference; lastKnownFileType = folder.assetcatalog; path = Assets.xcassets; sourceTree = "<group>"; };
		B81F8F5122338A83008CA309 /* Info.plist */ = {isa = PBXFileReference; lastKnownFileType = text.plist.xml; path = Info.plist; sourceTree = "<group>"; };
		B81F8F5C22338B0C008CA309 /* Base */ = {isa = PBXFileReference; lastKnownFileType = file.storyboard; name = Base; path = "../../../BACCalc/BACCalc/Supporting Files/Base.lproj/LaunchScreen.storyboard"; sourceTree = "<group>"; };
		B81F8F5E22338B6F008CA309 /* MainView.swift */ = {isa = PBXFileReference; lastKnownFileType = sourcecode.swift; path = MainView.swift; sourceTree = "<group>"; };
		C707EE122DA457B4B710D229 /* Pods-FlipCoin.release.xcconfig */ = {isa = PBXFileReference; includeInIndex = 1; lastKnownFileType = text.xcconfig; name = "Pods-FlipCoin.release.xcconfig"; path = "Target Support Files/Pods-FlipCoin/Pods-FlipCoin.release.xcconfig"; sourceTree = "<group>"; };
		D85B320BC6D330FBCA5ECC38 /* Pods_FlipCoin.framework */ = {isa = PBXFileReference; explicitFileType = wrapper.framework; includeInIndex = 0; path = Pods_FlipCoin.framework; sourceTree = BUILT_PRODUCTS_DIR; };
/* End PBXFileReference section */

/* Begin PBXFrameworksBuildPhase section */
		B81F8F3F22338A82008CA309 /* Frameworks */ = {
			isa = PBXFrameworksBuildPhase;
			buildActionMask = 2147483647;
			files = (
				E1B618BBAE756AA066838B8C /* Pods_FlipCoin.framework in Frameworks */,
			);
			runOnlyForDeploymentPostprocessing = 0;
		};
/* End PBXFrameworksBuildPhase section */

/* Begin PBXGroup section */
		6D9552ECB4FD635D5BAB8CEF /* Frameworks */ = {
			isa = PBXGroup;
			children = (
				D85B320BC6D330FBCA5ECC38 /* Pods_FlipCoin.framework */,
			);
			name = Frameworks;
			sourceTree = "<group>";
		};
		B81F8F3922338A82008CA309 = {
			isa = PBXGroup;
			children = (
				B81F8F4422338A82008CA309 /* FlipCoin */,
				B81F8F4322338A82008CA309 /* Products */,
				F82267FF36593A61BB0E3498 /* Pods */,
				6D9552ECB4FD635D5BAB8CEF /* Frameworks */,
			);
			sourceTree = "<group>";
		};
		B81F8F4322338A82008CA309 /* Products */ = {
			isa = PBXGroup;
			children = (
				B81F8F4222338A82008CA309 /* FlipCoin.app */,
			);
			name = Products;
			sourceTree = "<group>";
		};
		B81F8F4422338A82008CA309 /* FlipCoin */ = {
			isa = PBXGroup;
			children = (
				B81F8F5722338A90008CA309 /* View */,
				B81F8F5922338AA0008CA309 /* Controller */,
				B81F8F5822338A95008CA309 /* Model */,
				B81F8F5A22338AAF008CA309 /* Supporting Files */,
				B81F8F5122338A83008CA309 /* Info.plist */,
			);
			path = FlipCoin;
			sourceTree = "<group>";
		};
		B81F8F5722338A90008CA309 /* View */ = {
			isa = PBXGroup;
			children = (
				B81F8F5E22338B6F008CA309 /* MainView.swift */,
			);
			path = View;
			sourceTree = "<group>";
		};
		B81F8F5822338A95008CA309 /* Model */ = {
			isa = PBXGroup;
			children = (
			);
			path = Model;
			sourceTree = "<group>";
		};
		B81F8F5922338AA0008CA309 /* Controller */ = {
			isa = PBXGroup;
			children = (
				B81F8F4722338A82008CA309 /* MainVC.swift */,
			);
			path = Controller;
			sourceTree = "<group>";
		};
		B81F8F5A22338AAF008CA309 /* Supporting Files */ = {
			isa = PBXGroup;
			children = (
				B81F8F4522338A82008CA309 /* AppDelegate.swift */,
				B81F8F5B22338B0C008CA309 /* LaunchScreen.storyboard */,
				B81F8F4C22338A83008CA309 /* Assets.xcassets */,
			);
			path = "Supporting Files";
			sourceTree = "<group>";
		};
		F82267FF36593A61BB0E3498 /* Pods */ = {
			isa = PBXGroup;
			children = (
				58092A3F194A1FA0F056CB24 /* Pods-FlipCoin.debug.xcconfig */,
				C707EE122DA457B4B710D229 /* Pods-FlipCoin.release.xcconfig */,
			);
			path = Pods;
			sourceTree = "<group>";
		};
/* End PBXGroup section */

/* Begin PBXNativeTarget section */
		B81F8F4122338A82008CA309 /* FlipCoin */ = {
			isa = PBXNativeTarget;
			buildConfigurationList = B81F8F5422338A83008CA309 /* Build configuration list for PBXNativeTarget "FlipCoin" */;
			buildPhases = (
				CD647E50921B6809E174ADD5 /* [CP] Check Pods Manifest.lock */,
				B81F8F3E22338A82008CA309 /* Sources */,
				B81F8F3F22338A82008CA309 /* Frameworks */,
				B81F8F4022338A82008CA309 /* Resources */,
				AFCD5F41FFB2E10048E6E07E /* [CP] Embed Pods Frameworks */,
			);
			buildRules = (
			);
			dependencies = (
			);
			name = FlipCoin;
			productName = FlipCoin;
			productReference = B81F8F4222338A82008CA309 /* FlipCoin.app */;
			productType = "com.apple.product-type.application";
		};
/* End PBXNativeTarget section */

/* Begin PBXProject section */
		B81F8F3A22338A82008CA309 /* Project object */ = {
			isa = PBXProject;
			attributes = {
				LastSwiftUpdateCheck = 1020;
				LastUpgradeCheck = 1020;
				ORGANIZATIONNAME = "Vlad Munteanu";
				TargetAttributes = {
					B81F8F4122338A82008CA309 = {
						CreatedOnToolsVersion = 10.2;
					};
				};
			};
			buildConfigurationList = B81F8F3D22338A82008CA309 /* Build configuration list for PBXProject "FlipCoin" */;
			compatibilityVersion = "Xcode 9.3";
			developmentRegion = en;
			hasScannedForEncodings = 0;
			knownRegions = (
				en,
				Base,
			);
			mainGroup = B81F8F3922338A82008CA309;
			productRefGroup = B81F8F4322338A82008CA309 /* Products */;
			projectDirPath = "";
			projectRoot = "";
			targets = (
				B81F8F4122338A82008CA309 /* FlipCoin */,
			);
		};
/* End PBXProject section */

/* Begin PBXResourcesBuildPhase section */
		B81F8F4022338A82008CA309 /* Resources */ = {
			isa = PBXResourcesBuildPhase;
			buildActionMask = 2147483647;
			files = (
				B81F8F4D22338A83008CA309 /* Assets.xcassets in Resources */,
				B81F8F5D22338B0C008CA309 /* LaunchScreen.storyboard in Resources */,
			);
			runOnlyForDeploymentPostprocessing = 0;
		};
/* End PBXResourcesBuildPhase section */

/* Begin PBXShellScriptBuildPhase section */
		AFCD5F41FFB2E10048E6E07E /* [CP] Embed Pods Frameworks */ = {
			isa = PBXShellScriptBuildPhase;
			buildActionMask = 2147483647;
			files = (
			);
			inputFileListPaths = (
			);
			inputPaths = (
				"${PODS_ROOT}/Target Support Files/Pods-FlipCoin/Pods-FlipCoin-frameworks.sh",
				"${BUILT_PRODUCTS_DIR}/SnapKit/SnapKit.framework",
			);
			name = "[CP] Embed Pods Frameworks";
			outputFileListPaths = (
			);
			outputPaths = (
				"${TARGET_BUILD_DIR}/${FRAMEWORKS_FOLDER_PATH}/SnapKit.framework",
			);
			runOnlyForDeploymentPostprocessing = 0;
			shellPath = /bin/sh;
			shellScript = "\"${PODS_ROOT}/Target Support Files/Pods-FlipCoin/Pods-FlipCoin-frameworks.sh\"\n";
			showEnvVarsInLog = 0;
		};
		CD647E50921B6809E174ADD5 /* [CP] Check Pods Manifest.lock */ = {
			isa = PBXShellScriptBuildPhase;
			buildActionMask = 2147483647;
			files = (
			);
			inputFileListPaths = (
			);
			inputPaths = (
				"${PODS_PODFILE_DIR_PATH}/Podfile.lock",
				"${PODS_ROOT}/Manifest.lock",
			);
			name = "[CP] Check Pods Manifest.lock";
			outputFileListPaths = (
			);
			outputPaths = (
				"$(DERIVED_FILE_DIR)/Pods-FlipCoin-checkManifestLockResult.txt",
			);
			runOnlyForDeploymentPostprocessing = 0;
			shellPath = /bin/sh;
			shellScript = "diff \"${PODS_PODFILE_DIR_PATH}/Podfile.lock\" \"${PODS_ROOT}/Manifest.lock\" > /dev/null\nif [ $? != 0 ] ; then\n    # print error to STDERR\n    echo \"error: The sandbox is not in sync with the Podfile.lock. Run 'pod install' or update your CocoaPods installation.\" >&2\n    exit 1\nfi\n# This output is used by Xcode 'outputs' to avoid re-running this script phase.\necho \"SUCCESS\" > \"${SCRIPT_OUTPUT_FILE_0}\"\n";
			showEnvVarsInLog = 0;
		};
/* End PBXShellScriptBuildPhase section */

/* Begin PBXSourcesBuildPhase section */
		B81F8F3E22338A82008CA309 /* Sources */ = {
			isa = PBXSourcesBuildPhase;
			buildActionMask = 2147483647;
			files = (
				B81F8F4822338A82008CA309 /* MainVC.swift in Sources */,
				B81F8F5F22338B6F008CA309 /* MainView.swift in Sources */,
				B81F8F4622338A82008CA309 /* AppDelegate.swift in Sources */,
			);
			runOnlyForDeploymentPostprocessing = 0;
		};
/* End PBXSourcesBuildPhase section */

/* Begin PBXVariantGroup section */
		B81F8F5B22338B0C008CA309 /* LaunchScreen.storyboard */ = {
			isa = PBXVariantGroup;
			children = (
				B81F8F5C22338B0C008CA309 /* Base */,
			);
			name = LaunchScreen.storyboard;
			sourceTree = "<group>";
		};
/* End PBXVariantGroup section */

/* Begin XCBuildConfiguration section */
		B81F8F5222338A83008CA309 /* Debug */ = {
			isa = XCBuildConfiguration;
			buildSettings = {
				ALWAYS_SEARCH_USER_PATHS = NO;
				CLANG_ANALYZER_NONNULL = YES;
				CLANG_ANALYZER_NUMBER_OBJECT_CONVERSION = YES_AGGRESSIVE;
				CLANG_CXX_LANGUAGE_STANDARD = "gnu++14";
				CLANG_CXX_LIBRARY = "libc++";
				CLANG_ENABLE_MODULES = YES;
				CLANG_ENABLE_OBJC_ARC = YES;
				CLANG_ENABLE_OBJC_WEAK = YES;
				CLANG_WARN_BLOCK_CAPTURE_AUTORELEASING = YES;
				CLANG_WARN_BOOL_CONVERSION = YES;
				CLANG_WARN_COMMA = YES;
				CLANG_WARN_CONSTANT_CONVERSION = YES;
				CLANG_WARN_DEPRECATED_OBJC_IMPLEMENTATIONS = YES;
				CLANG_WARN_DIRECT_OBJC_ISA_USAGE = YES_ERROR;
				CLANG_WARN_DOCUMENTATION_COMMENTS = YES;
				CLANG_WARN_EMPTY_BODY = YES;
				CLANG_WARN_ENUM_CONVERSION = YES;
				CLANG_WARN_INFINITE_RECURSION = YES;
				CLANG_WARN_INT_CONVERSION = YES;
				CLANG_WARN_NON_LITERAL_NULL_CONVERSION = YES;
				CLANG_WARN_OBJC_IMPLICIT_RETAIN_SELF = YES;
				CLANG_WARN_OBJC_LITERAL_CONVERSION = YES;
				CLANG_WARN_OBJC_ROOT_CLASS = YES_ERROR;
				CLANG_WARN_RANGE_LOOP_ANALYSIS = YES;
				CLANG_WARN_STRICT_PROTOTYPES = YES;
				CLANG_WARN_SUSPICIOUS_MOVE = YES;
				CLANG_WARN_UNGUARDED_AVAILABILITY = YES_AGGRESSIVE;
				CLANG_WARN_UNREACHABLE_CODE = YES;
				CLANG_WARN__DUPLICATE_METHOD_MATCH = YES;
				CODE_SIGN_IDENTITY = "iPhone Developer";
				COPY_PHASE_STRIP = NO;
				DEBUG_INFORMATION_FORMAT = dwarf;
				ENABLE_STRICT_OBJC_MSGSEND = YES;
				ENABLE_TESTABILITY = YES;
				GCC_C_LANGUAGE_STANDARD = gnu11;
				GCC_DYNAMIC_NO_PIC = NO;
				GCC_NO_COMMON_BLOCKS = YES;
				GCC_OPTIMIZATION_LEVEL = 0;
				GCC_PREPROCESSOR_DEFINITIONS = (
					"DEBUG=1",
					"$(inherited)",
				);
				GCC_WARN_64_TO_32_BIT_CONVERSION = YES;
				GCC_WARN_ABOUT_RETURN_TYPE = YES_ERROR;
				GCC_WARN_UNDECLARED_SELECTOR = YES;
				GCC_WARN_UNINITIALIZED_AUTOS = YES_AGGRESSIVE;
				GCC_WARN_UNUSED_FUNCTION = YES;
				GCC_WARN_UNUSED_VARIABLE = YES;
				IPHONEOS_DEPLOYMENT_TARGET = 10.0;
				MTL_ENABLE_DEBUG_INFO = INCLUDE_SOURCE;
				MTL_FAST_MATH = YES;
				ONLY_ACTIVE_ARCH = YES;
				SDKROOT = iphoneos;
				SWIFT_ACTIVE_COMPILATION_CONDITIONS = DEBUG;
				SWIFT_OPTIMIZATION_LEVEL = "-Onone";
			};
			name = Debug;
		};
		B81F8F5322338A83008CA309 /* Release */ = {
			isa = XCBuildConfiguration;
			buildSettings = {
				ALWAYS_SEARCH_USER_PATHS = NO;
				CLANG_ANALYZER_NONNULL = YES;
				CLANG_ANALYZER_NUMBER_OBJECT_CONVERSION = YES_AGGRESSIVE;
				CLANG_CXX_LANGUAGE_STANDARD = "gnu++14";
				CLANG_CXX_LIBRARY = "libc++";
				CLANG_ENABLE_MODULES = YES;
				CLANG_ENABLE_OBJC_ARC = YES;
				CLANG_ENABLE_OBJC_WEAK = YES;
				CLANG_WARN_BLOCK_CAPTURE_AUTORELEASING = YES;
				CLANG_WARN_BOOL_CONVERSION = YES;
				CLANG_WARN_COMMA = YES;
				CLANG_WARN_CONSTANT_CONVERSION = YES;
				CLANG_WARN_DEPRECATED_OBJC_IMPLEMENTATIONS = YES;
				CLANG_WARN_DIRECT_OBJC_ISA_USAGE = YES_ERROR;
				CLANG_WARN_DOCUMENTATION_COMMENTS = YES;
				CLANG_WARN_EMPTY_BODY = YES;
				CLANG_WARN_ENUM_CONVERSION = YES;
				CLANG_WARN_INFINITE_RECURSION = YES;
				CLANG_WARN_INT_CONVERSION = YES;
				CLANG_WARN_NON_LITERAL_NULL_CONVERSION = YES;
				CLANG_WARN_OBJC_IMPLICIT_RETAIN_SELF = YES;
				CLANG_WARN_OBJC_LITERAL_CONVERSION = YES;
				CLANG_WARN_OBJC_ROOT_CLASS = YES_ERROR;
				CLANG_WARN_RANGE_LOOP_ANALYSIS = YES;
				CLANG_WARN_STRICT_PROTOTYPES = YES;
				CLANG_WARN_SUSPICIOUS_MOVE = YES;
				CLANG_WARN_UNGUARDED_AVAILABILITY = YES_AGGRESSIVE;
				CLANG_WARN_UNREACHABLE_CODE = YES;
				CLANG_WARN__DUPLICATE_METHOD_MATCH = YES;
				CODE_SIGN_IDENTITY = "iPhone Developer";
				COPY_PHASE_STRIP = NO;
				DEBUG_INFORMATION_FORMAT = "dwarf-with-dsym";
				ENABLE_NS_ASSERTIONS = NO;
				ENABLE_STRICT_OBJC_MSGSEND = YES;
				GCC_C_LANGUAGE_STANDARD = gnu11;
				GCC_NO_COMMON_BLOCKS = YES;
				GCC_WARN_64_TO_32_BIT_CONVERSION = YES;
				GCC_WARN_ABOUT_RETURN_TYPE = YES_ERROR;
				GCC_WARN_UNDECLARED_SELECTOR = YES;
				GCC_WARN_UNINITIALIZED_AUTOS = YES_AGGRESSIVE;
				GCC_WARN_UNUSED_FUNCTION = YES;
				GCC_WARN_UNUSED_VARIABLE = YES;
				IPHONEOS_DEPLOYMENT_TARGET = 10.0;
				MTL_ENABLE_DEBUG_INFO = NO;
				MTL_FAST_MATH = YES;
				SDKROOT = iphoneos;
				SWIFT_COMPILATION_MODE = wholemodule;
				SWIFT_OPTIMIZATION_LEVEL = "-O";
				VALIDATE_PRODUCT = YES;
			};
			name = Release;
		};
		B81F8F5522338A83008CA309 /* Debug */ = {
			isa = XCBuildConfiguration;
			baseConfigurationReference = 58092A3F194A1FA0F056CB24 /* Pods-FlipCoin.debug.xcconfig */;
			buildSettings = {
				ASSETCATALOG_COMPILER_APPICON_NAME = AppIcon;
				CODE_SIGN_STYLE = Automatic;
				DEVELOPMENT_TEAM = B8C8RXSHKT;
				INFOPLIST_FILE = FlipCoin/Info.plist;
				LD_RUNPATH_SEARCH_PATHS = (
					"$(inherited)",
					"@executable_path/Frameworks",
				);
				PRODUCT_BUNDLE_IDENTIFIER = LesGarcons.FlipCoin;
				PRODUCT_NAME = "$(TARGET_NAME)";
				SWIFT_VERSION = 5.0;
				TARGETED_DEVICE_FAMILY = "1,2";
			};
			name = Debug;
		};
		B81F8F5622338A83008CA309 /* Release */ = {
			isa = XCBuildConfiguration;
			baseConfigurationReference = C707EE122DA457B4B710D229 /* Pods-FlipCoin.release.xcconfig */;
			buildSettings = {
				ASSETCATALOG_COMPILER_APPICON_NAME = AppIcon;
				CODE_SIGN_STYLE = Automatic;
				DEVELOPMENT_TEAM = B8C8RXSHKT;
				INFOPLIST_FILE = FlipCoin/Info.plist;
				LD_RUNPATH_SEARCH_PATHS = (
					"$(inherited)",
					"@executable_path/Frameworks",
				);
				PRODUCT_BUNDLE_IDENTIFIER = LesGarcons.FlipCoin;
				PRODUCT_NAME = "$(TARGET_NAME)";
				SWIFT_VERSION = 5.0;
				TARGETED_DEVICE_FAMILY = "1,2";
			};
			name = Release;
		};
/* End XCBuildConfiguration section */

/* Begin XCConfigurationList section */
		B81F8F3D22338A82008CA309 /* Build configuration list for PBXProject "FlipCoin" */ = {
			isa = XCConfigurationList;
			buildConfigurations = (
				B81F8F5222338A83008CA309 /* Debug */,
				B81F8F5322338A83008CA309 /* Release */,
			);
			defaultConfigurationIsVisible = 0;
			defaultConfigurationName = Release;
		};
		B81F8F5422338A83008CA309 /* Build configuration list for PBXNativeTarget "FlipCoin" */ = {
			isa = XCConfigurationList;
			buildConfigurations = (
				B81F8F5522338A83008CA309 /* Debug */,
				B81F8F5622338A83008CA309 /* Release */,
			);
			defaultConfigurationIsVisible = 0;
			defaultConfigurationName = Release;
		};
/* End XCConfigurationList section */
	};
	rootObject = B81F8F3A22338A82008CA309 /* Project object */;
}
