// !$*UTF8*$!
{
	archiveVersion = 1;
	classes = {
	};
	objectVersion = 50;
	objects = {

/* Begin PBXBuildFile section */
		41211802AB607ACA6F9366C3 /* Pods_SSHToMac.framework in Frameworks */ = {isa = PBXBuildFile; fileRef = B1F806563D22D97D37610498 /* Pods_SSHToMac.framework */; };
		B8BBED2C222B99440017FFB9 /* AppDelegate.swift in Sources */ = {isa = PBXBuildFile; fileRef = B8BBED2B222B99440017FFB9 /* AppDelegate.swift */; };
		B8BBED2E222B99440017FFB9 /* MainVC.swift in Sources */ = {isa = PBXBuildFile; fileRef = B8BBED2D222B99440017FFB9 /* MainVC.swift */; };
		B8BBED33222B99460017FFB9 /* Assets.xcassets in Resources */ = {isa = PBXBuildFile; fileRef = B8BBED32222B99460017FFB9 /* Assets.xcassets */; };
		B8BBED36222B99460017FFB9 /* LaunchScreen.storyboard in Resources */ = {isa = PBXBuildFile; fileRef = B8BBED34222B99460017FFB9 /* LaunchScreen.storyboard */; };
		B8BBED41222B99C80017FFB9 /* MainView.swift in Sources */ = {isa = PBXBuildFile; fileRef = B8BBED40222B99C80017FFB9 /* MainView.swift */; };
/* End PBXBuildFile section */

/* Begin PBXFileReference section */
		1203E94E565CA7DA7D11776A /* Pods-SSHToMac.debug.xcconfig */ = {isa = PBXFileReference; includeInIndex = 1; lastKnownFileType = text.xcconfig; name = "Pods-SSHToMac.debug.xcconfig"; path = "Target Support Files/Pods-SSHToMac/Pods-SSHToMac.debug.xcconfig"; sourceTree = "<group>"; };
		B1F806563D22D97D37610498 /* Pods_SSHToMac.framework */ = {isa = PBXFileReference; explicitFileType = wrapper.framework; includeInIndex = 0; path = Pods_SSHToMac.framework; sourceTree = BUILT_PRODUCTS_DIR; };
		B8BBED28222B99440017FFB9 /* SSHToMac.app */ = {isa = PBXFileReference; explicitFileType = wrapper.application; includeInIndex = 0; path = SSHToMac.app; sourceTree = BUILT_PRODUCTS_DIR; };
		B8BBED2B222B99440017FFB9 /* AppDelegate.swift */ = {isa = PBXFileReference; lastKnownFileType = sourcecode.swift; path = AppDelegate.swift; sourceTree = "<group>"; };
		B8BBED2D222B99440017FFB9 /* MainVC.swift */ = {isa = PBXFileReference; lastKnownFileType = sourcecode.swift; path = MainVC.swift; sourceTree = "<group>"; };
		B8BBED32222B99460017FFB9 /* Assets.xcassets */ = {isa = PBXFileReference; lastKnownFileType = folder.assetcatalog; path = Assets.xcassets; sourceTree = "<group>"; };
		B8BBED35222B99460017FFB9 /* Base */ = {isa = PBXFileReference; lastKnownFileType = file.storyboard; name = Base; path = Base.lproj/LaunchScreen.storyboard; sourceTree = "<group>"; };
		B8BBED37222B99460017FFB9 /* Info.plist */ = {isa = PBXFileReference; lastKnownFileType = text.plist.xml; path = Info.plist; sourceTree = "<group>"; };
		B8BBED40222B99C80017FFB9 /* MainView.swift */ = {isa = PBXFileReference; lastKnownFileType = sourcecode.swift; path = MainView.swift; sourceTree = "<group>"; };
		F6F77D6F6ECFB4C6D5D62CF5 /* Pods-SSHToMac.release.xcconfig */ = {isa = PBXFileReference; includeInIndex = 1; lastKnownFileType = text.xcconfig; name = "Pods-SSHToMac.release.xcconfig"; path = "Target Support Files/Pods-SSHToMac/Pods-SSHToMac.release.xcconfig"; sourceTree = "<group>"; };
/* End PBXFileReference section */

/* Begin PBXFrameworksBuildPhase section */
		B8BBED25222B99440017FFB9 /* Frameworks */ = {
			isa = PBXFrameworksBuildPhase;
			buildActionMask = 2147483647;
			files = (
				41211802AB607ACA6F9366C3 /* Pods_SSHToMac.framework in Frameworks */,
			);
			runOnlyForDeploymentPostprocessing = 0;
		};
/* End PBXFrameworksBuildPhase section */

/* Begin PBXGroup section */
		B8BBED1F222B99440017FFB9 = {
			isa = PBXGroup;
			children = (
				B8BBED2A222B99440017FFB9 /* SSHToMac */,
				B8BBED29222B99440017FFB9 /* Products */,
				CDC6756FA97587D25F35EEF7 /* Pods */,
				CBFA84208EA7232B4E1DB0B3 /* Frameworks */,
			);
			sourceTree = "<group>";
		};
		B8BBED29222B99440017FFB9 /* Products */ = {
			isa = PBXGroup;
			children = (
				B8BBED28222B99440017FFB9 /* SSHToMac.app */,
			);
			name = Products;
			sourceTree = "<group>";
		};
		B8BBED2A222B99440017FFB9 /* SSHToMac */ = {
			isa = PBXGroup;
			children = (
				B8BBED3D222B99690017FFB9 /* View */,
				B8BBED3E222B996F0017FFB9 /* Controller */,
				B8BBED3F222B99770017FFB9 /* Supporting Files */,
				B8BBED37222B99460017FFB9 /* Info.plist */,
			);
			path = SSHToMac;
			sourceTree = "<group>";
		};
		B8BBED3D222B99690017FFB9 /* View */ = {
			isa = PBXGroup;
			children = (
				B8BBED40222B99C80017FFB9 /* MainView.swift */,
			);
			path = View;
			sourceTree = "<group>";
		};
		B8BBED3E222B996F0017FFB9 /* Controller */ = {
			isa = PBXGroup;
			children = (
				B8BBED2D222B99440017FFB9 /* MainVC.swift */,
			);
			path = Controller;
			sourceTree = "<group>";
		};
		B8BBED3F222B99770017FFB9 /* Supporting Files */ = {
			isa = PBXGroup;
			children = (
				B8BBED34222B99460017FFB9 /* LaunchScreen.storyboard */,
				B8BBED32222B99460017FFB9 /* Assets.xcassets */,
				B8BBED2B222B99440017FFB9 /* AppDelegate.swift */,
			);
			path = "Supporting Files";
			sourceTree = "<group>";
		};
		CBFA84208EA7232B4E1DB0B3 /* Frameworks */ = {
			isa = PBXGroup;
			children = (
				B1F806563D22D97D37610498 /* Pods_SSHToMac.framework */,
			);
			name = Frameworks;
			sourceTree = "<group>";
		};
		CDC6756FA97587D25F35EEF7 /* Pods */ = {
			isa = PBXGroup;
			children = (
				1203E94E565CA7DA7D11776A /* Pods-SSHToMac.debug.xcconfig */,
				F6F77D6F6ECFB4C6D5D62CF5 /* Pods-SSHToMac.release.xcconfig */,
			);
			name = Pods;
			path = Pods;
			sourceTree = "<group>";
		};
/* End PBXGroup section */

/* Begin PBXNativeTarget section */
		B8BBED27222B99440017FFB9 /* SSHToMac */ = {
			isa = PBXNativeTarget;
			buildConfigurationList = B8BBED3A222B99460017FFB9 /* Build configuration list for PBXNativeTarget "SSHToMac" */;
			buildPhases = (
				1E9A2DB33C52C32D8D88B029 /* [CP] Check Pods Manifest.lock */,
				B8BBED24222B99440017FFB9 /* Sources */,
				B8BBED25222B99440017FFB9 /* Frameworks */,
				B8BBED26222B99440017FFB9 /* Resources */,
				F2C86CA99998763E629A30A6 /* [CP] Embed Pods Frameworks */,
			);
			buildRules = (
			);
			dependencies = (
			);
			name = SSHToMac;
			productName = SSHToMac;
			productReference = B8BBED28222B99440017FFB9 /* SSHToMac.app */;
			productType = "com.apple.product-type.application";
		};
/* End PBXNativeTarget section */

/* Begin PBXProject section */
		B8BBED20222B99440017FFB9 /* Project object */ = {
			isa = PBXProject;
			attributes = {
				LastSwiftUpdateCheck = 1020;
				LastUpgradeCheck = 1020;
				ORGANIZATIONNAME = "Vlad Munteanu";
				TargetAttributes = {
					B8BBED27222B99440017FFB9 = {
						CreatedOnToolsVersion = 10.2;
					};
				};
			};
			buildConfigurationList = B8BBED23222B99440017FFB9 /* Build configuration list for PBXProject "SSHToMac" */;
			compatibilityVersion = "Xcode 9.3";
			developmentRegion = en;
			hasScannedForEncodings = 0;
			knownRegions = (
				en,
				Base,
			);
			mainGroup = B8BBED1F222B99440017FFB9;
			productRefGroup = B8BBED29222B99440017FFB9 /* Products */;
			projectDirPath = "";
			projectRoot = "";
			targets = (
				B8BBED27222B99440017FFB9 /* SSHToMac */,
			);
		};
/* End PBXProject section */

/* Begin PBXResourcesBuildPhase section */
		B8BBED26222B99440017FFB9 /* Resources */ = {
			isa = PBXResourcesBuildPhase;
			buildActionMask = 2147483647;
			files = (
				B8BBED36222B99460017FFB9 /* LaunchScreen.storyboard in Resources */,
				B8BBED33222B99460017FFB9 /* Assets.xcassets in Resources */,
			);
			runOnlyForDeploymentPostprocessing = 0;
		};
/* End PBXResourcesBuildPhase section */

/* Begin PBXShellScriptBuildPhase section */
		1E9A2DB33C52C32D8D88B029 /* [CP] Check Pods Manifest.lock */ = {
			isa = PBXShellScriptBuildPhase;
			buildActionMask = 2147483647;
			files = (
			);
			inputFileListPaths = (
			);
			inputPaths = (
				"${PODS_PODFILE_DIR_PATH}/Podfile.lock",
				"${PODS_ROOT}/Manifest.lock",
			);
			name = "[CP] Check Pods Manifest.lock";
			outputFileListPaths = (
			);
			outputPaths = (
				"$(DERIVED_FILE_DIR)/Pods-SSHToMac-checkManifestLockResult.txt",
			);
			runOnlyForDeploymentPostprocessing = 0;
			shellPath = /bin/sh;
			shellScript = "diff \"${PODS_PODFILE_DIR_PATH}/Podfile.lock\" \"${PODS_ROOT}/Manifest.lock\" > /dev/null\nif [ $? != 0 ] ; then\n    # print error to STDERR\n    echo \"error: The sandbox is not in sync with the Podfile.lock. Run 'pod install' or update your CocoaPods installation.\" >&2\n    exit 1\nfi\n# This output is used by Xcode 'outputs' to avoid re-running this script phase.\necho \"SUCCESS\" > \"${SCRIPT_OUTPUT_FILE_0}\"\n";
			showEnvVarsInLog = 0;
		};
		F2C86CA99998763E629A30A6 /* [CP] Embed Pods Frameworks */ = {
			isa = PBXShellScriptBuildPhase;
			buildActionMask = 2147483647;
			files = (
			);
			inputFileListPaths = (
			);
			inputPaths = (
				"${PODS_ROOT}/Target Support Files/Pods-SSHToMac/Pods-SSHToMac-frameworks.sh",
				"${BUILT_PRODUCTS_DIR}/SnapKit/SnapKit.framework",
			);
			name = "[CP] Embed Pods Frameworks";
			outputFileListPaths = (
			);
			outputPaths = (
				"${TARGET_BUILD_DIR}/${FRAMEWORKS_FOLDER_PATH}/SnapKit.framework",
			);
			runOnlyForDeploymentPostprocessing = 0;
			shellPath = /bin/sh;
			shellScript = "\"${PODS_ROOT}/Target Support Files/Pods-SSHToMac/Pods-SSHToMac-frameworks.sh\"\n";
			showEnvVarsInLog = 0;
		};
/* End PBXShellScriptBuildPhase section */

/* Begin PBXSourcesBuildPhase section */
		B8BBED24222B99440017FFB9 /* Sources */ = {
			isa = PBXSourcesBuildPhase;
			buildActionMask = 2147483647;
			files = (
				B8BBED2E222B99440017FFB9 /* MainVC.swift in Sources */,
				B8BBED41222B99C80017FFB9 /* MainView.swift in Sources */,
				B8BBED2C222B99440017FFB9 /* AppDelegate.swift in Sources */,
			);
			runOnlyForDeploymentPostprocessing = 0;
		};
/* End PBXSourcesBuildPhase section */

/* Begin PBXVariantGroup section */
		B8BBED34222B99460017FFB9 /* LaunchScreen.storyboard */ = {
			isa = PBXVariantGroup;
			children = (
				B8BBED35222B99460017FFB9 /* Base */,
			);
			name = LaunchScreen.storyboard;
			sourceTree = "<group>";
		};
/* End PBXVariantGroup section */

/* Begin XCBuildConfiguration section */
		B8BBED38222B99460017FFB9 /* Debug */ = {
			isa = XCBuildConfiguration;
			buildSettings = {
				ALWAYS_SEARCH_USER_PATHS = NO;
				CLANG_ANALYZER_NONNULL = YES;
				CLANG_ANALYZER_NUMBER_OBJECT_CONVERSION = YES_AGGRESSIVE;
				CLANG_CXX_LANGUAGE_STANDARD = "gnu++14";
				CLANG_CXX_LIBRARY = "libc++";
				CLANG_ENABLE_MODULES = YES;
				CLANG_ENABLE_OBJC_ARC = YES;
				CLANG_ENABLE_OBJC_WEAK = YES;
				CLANG_WARN_BLOCK_CAPTURE_AUTORELEASING = YES;
				CLANG_WARN_BOOL_CONVERSION = YES;
				CLANG_WARN_COMMA = YES;
				CLANG_WARN_CONSTANT_CONVERSION = YES;
				CLANG_WARN_DEPRECATED_OBJC_IMPLEMENTATIONS = YES;
				CLANG_WARN_DIRECT_OBJC_ISA_USAGE = YES_ERROR;
				CLANG_WARN_DOCUMENTATION_COMMENTS = YES;
				CLANG_WARN_EMPTY_BODY = YES;
				CLANG_WARN_ENUM_CONVERSION = YES;
				CLANG_WARN_INFINITE_RECURSION = YES;
				CLANG_WARN_INT_CONVERSION = YES;
				CLANG_WARN_NON_LITERAL_NULL_CONVERSION = YES;
				CLANG_WARN_OBJC_IMPLICIT_RETAIN_SELF = YES;
				CLANG_WARN_OBJC_LITERAL_CONVERSION = YES;
				CLANG_WARN_OBJC_ROOT_CLASS = YES_ERROR;
				CLANG_WARN_RANGE_LOOP_ANALYSIS = YES;
				CLANG_WARN_STRICT_PROTOTYPES = YES;
				CLANG_WARN_SUSPICIOUS_MOVE = YES;
				CLANG_WARN_UNGUARDED_AVAILABILITY = YES_AGGRESSIVE;
				CLANG_WARN_UNREACHABLE_CODE = YES;
				CLANG_WARN__DUPLICATE_METHOD_MATCH = YES;
				CODE_SIGN_IDENTITY = "iPhone Developer";
				COPY_PHASE_STRIP = NO;
				DEBUG_INFORMATION_FORMAT = dwarf;
				ENABLE_STRICT_OBJC_MSGSEND = YES;
				ENABLE_TESTABILITY = YES;
				GCC_C_LANGUAGE_STANDARD = gnu11;
				GCC_DYNAMIC_NO_PIC = NO;
				GCC_NO_COMMON_BLOCKS = YES;
				GCC_OPTIMIZATION_LEVEL = 0;
				GCC_PREPROCESSOR_DEFINITIONS = (
					"DEBUG=1",
					"$(inherited)",
				);
				GCC_WARN_64_TO_32_BIT_CONVERSION = YES;
				GCC_WARN_ABOUT_RETURN_TYPE = YES_ERROR;
				GCC_WARN_UNDECLARED_SELECTOR = YES;
				GCC_WARN_UNINITIALIZED_AUTOS = YES_AGGRESSIVE;
				GCC_WARN_UNUSED_FUNCTION = YES;
				GCC_WARN_UNUSED_VARIABLE = YES;
				IPHONEOS_DEPLOYMENT_TARGET = 10.0;
				MTL_ENABLE_DEBUG_INFO = INCLUDE_SOURCE;
				MTL_FAST_MATH = YES;
				ONLY_ACTIVE_ARCH = YES;
				SDKROOT = iphoneos;
				SWIFT_ACTIVE_COMPILATION_CONDITIONS = DEBUG;
				SWIFT_OPTIMIZATION_LEVEL = "-Onone";
			};
			name = Debug;
		};
		B8BBED39222B99460017FFB9 /* Release */ = {
			isa = XCBuildConfiguration;
			buildSettings = {
				ALWAYS_SEARCH_USER_PATHS = NO;
				CLANG_ANALYZER_NONNULL = YES;
				CLANG_ANALYZER_NUMBER_OBJECT_CONVERSION = YES_AGGRESSIVE;
				CLANG_CXX_LANGUAGE_STANDARD = "gnu++14";
				CLANG_CXX_LIBRARY = "libc++";
				CLANG_ENABLE_MODULES = YES;
				CLANG_ENABLE_OBJC_ARC = YES;
				CLANG_ENABLE_OBJC_WEAK = YES;
				CLANG_WARN_BLOCK_CAPTURE_AUTORELEASING = YES;
				CLANG_WARN_BOOL_CONVERSION = YES;
				CLANG_WARN_COMMA = YES;
				CLANG_WARN_CONSTANT_CONVERSION = YES;
				CLANG_WARN_DEPRECATED_OBJC_IMPLEMENTATIONS = YES;
				CLANG_WARN_DIRECT_OBJC_ISA_USAGE = YES_ERROR;
				CLANG_WARN_DOCUMENTATION_COMMENTS = YES;
				CLANG_WARN_EMPTY_BODY = YES;
				CLANG_WARN_ENUM_CONVERSION = YES;
				CLANG_WARN_INFINITE_RECURSION = YES;
				CLANG_WARN_INT_CONVERSION = YES;
				CLANG_WARN_NON_LITERAL_NULL_CONVERSION = YES;
				CLANG_WARN_OBJC_IMPLICIT_RETAIN_SELF = YES;
				CLANG_WARN_OBJC_LITERAL_CONVERSION = YES;
				CLANG_WARN_OBJC_ROOT_CLASS = YES_ERROR;
				CLANG_WARN_RANGE_LOOP_ANALYSIS = YES;
				CLANG_WARN_STRICT_PROTOTYPES = YES;
				CLANG_WARN_SUSPICIOUS_MOVE = YES;
				CLANG_WARN_UNGUARDED_AVAILABILITY = YES_AGGRESSIVE;
				CLANG_WARN_UNREACHABLE_CODE = YES;
				CLANG_WARN__DUPLICATE_METHOD_MATCH = YES;
				CODE_SIGN_IDENTITY = "iPhone Developer";
				COPY_PHASE_STRIP = NO;
				DEBUG_INFORMATION_FORMAT = "dwarf-with-dsym";
				ENABLE_NS_ASSERTIONS = NO;
				ENABLE_STRICT_OBJC_MSGSEND = YES;
				GCC_C_LANGUAGE_STANDARD = gnu11;
				GCC_NO_COMMON_BLOCKS = YES;
				GCC_WARN_64_TO_32_BIT_CONVERSION = YES;
				GCC_WARN_ABOUT_RETURN_TYPE = YES_ERROR;
				GCC_WARN_UNDECLARED_SELECTOR = YES;
				GCC_WARN_UNINITIALIZED_AUTOS = YES_AGGRESSIVE;
				GCC_WARN_UNUSED_FUNCTION = YES;
				GCC_WARN_UNUSED_VARIABLE = YES;
				IPHONEOS_DEPLOYMENT_TARGET = 10.0;
				MTL_ENABLE_DEBUG_INFO = NO;
				MTL_FAST_MATH = YES;
				SDKROOT = iphoneos;
				SWIFT_COMPILATION_MODE = wholemodule;
				SWIFT_OPTIMIZATION_LEVEL = "-O";
				VALIDATE_PRODUCT = YES;
			};
			name = Release;
		};
		B8BBED3B222B99460017FFB9 /* Debug */ = {
			isa = XCBuildConfiguration;
			baseConfigurationReference = 1203E94E565CA7DA7D11776A /* Pods-SSHToMac.debug.xcconfig */;
			buildSettings = {
				ASSETCATALOG_COMPILER_APPICON_NAME = AppIcon;
				CODE_SIGN_STYLE = Automatic;
				DEVELOPMENT_TEAM = B8C8RXSHKT;
				INFOPLIST_FILE = SSHToMac/Info.plist;
				LD_RUNPATH_SEARCH_PATHS = (
					"$(inherited)",
					"@executable_path/Frameworks",
				);
				PRODUCT_BUNDLE_IDENTIFIER = LesGarcons.SSHToMac;
				PRODUCT_NAME = "$(TARGET_NAME)";
				SWIFT_VERSION = 5.0;
				TARGETED_DEVICE_FAMILY = "1,2";
			};
			name = Debug;
		};
		B8BBED3C222B99460017FFB9 /* Release */ = {
			isa = XCBuildConfiguration;
			baseConfigurationReference = F6F77D6F6ECFB4C6D5D62CF5 /* Pods-SSHToMac.release.xcconfig */;
			buildSettings = {
				ASSETCATALOG_COMPILER_APPICON_NAME = AppIcon;
				CODE_SIGN_STYLE = Automatic;
				DEVELOPMENT_TEAM = B8C8RXSHKT;
				INFOPLIST_FILE = SSHToMac/Info.plist;
				LD_RUNPATH_SEARCH_PATHS = (
					"$(inherited)",
					"@executable_path/Frameworks",
				);
				PRODUCT_BUNDLE_IDENTIFIER = LesGarcons.SSHToMac;
				PRODUCT_NAME = "$(TARGET_NAME)";
				SWIFT_VERSION = 5.0;
				TARGETED_DEVICE_FAMILY = "1,2";
			};
			name = Release;
		};
/* End XCBuildConfiguration section */

/* Begin XCConfigurationList section */
		B8BBED23222B99440017FFB9 /* Build configuration list for PBXProject "SSHToMac" */ = {
			isa = XCConfigurationList;
			buildConfigurations = (
				B8BBED38222B99460017FFB9 /* Debug */,
				B8BBED39222B99460017FFB9 /* Release */,
			);
			defaultConfigurationIsVisible = 0;
			defaultConfigurationName = Release;
		};
		B8BBED3A222B99460017FFB9 /* Build configuration list for PBXNativeTarget "SSHToMac" */ = {
			isa = XCConfigurationList;
			buildConfigurations = (
				B8BBED3B222B99460017FFB9 /* Debug */,
				B8BBED3C222B99460017FFB9 /* Release */,
			);
			defaultConfigurationIsVisible = 0;
			defaultConfigurationName = Release;
		};
/* End XCConfigurationList section */
	};
	rootObject = B8BBED20222B99440017FFB9 /* Project object */;
}
