// !$*UTF8*$!
{
	archiveVersion = 1;
	classes = {
	};
	objectVersion = 50;
	objects = {

/* Begin PBXBuildFile section */
		2FCEF86A3F7E9F4D6BDD6FA9 /* Pods_Speed_Limit_Checker.framework in Frameworks */ = {isa = PBXBuildFile; fileRef = A31838A58CE1A47C9FB5C8B8 /* Pods_Speed_Limit_Checker.framework */; };
		B8BBECFE222A4C7F0017FFB9 /* AppDelegate.swift in Sources */ = {isa = PBXBuildFile; fileRef = B8BBECFD222A4C7F0017FFB9 /* AppDelegate.swift */; };
		B8BBED00222A4C7F0017FFB9 /* PagerVC.swift in Sources */ = {isa = PBXBuildFile; fileRef = B8BBECFF222A4C7F0017FFB9 /* PagerVC.swift */; };
		B8BBED05222A4C800017FFB9 /* Assets.xcassets in Resources */ = {isa = PBXBuildFile; fileRef = B8BBED04222A4C800017FFB9 /* Assets.xcassets */; };
		B8BBED08222A4C800017FFB9 /* LaunchScreen.storyboard in Resources */ = {isa = PBXBuildFile; fileRef = B8BBED06222A4C800017FFB9 /* LaunchScreen.storyboard */; };
		B8BBED10222AEEF50017FFB9 /* MainView.swift in Sources */ = {isa = PBXBuildFile; fileRef = B8BBED0F222AEEF50017FFB9 /* MainView.swift */; };
		B8BBED1B222AF2DE0017FFB9 /* MainVC.swift in Sources */ = {isa = PBXBuildFile; fileRef = B8BBED1A222AF2DE0017FFB9 /* MainVC.swift */; };
		B8BBED1D222B1F640017FFB9 /* Constants.swift in Sources */ = {isa = PBXBuildFile; fileRef = B8BBED1C222B1F640017FFB9 /* Constants.swift */; };
/* End PBXBuildFile section */

/* Begin PBXFileReference section */
		1E7D768A7F587236C257F8B7 /* Pods-Speed Limit Checker.debug.xcconfig */ = {isa = PBXFileReference; includeInIndex = 1; lastKnownFileType = text.xcconfig; name = "Pods-Speed Limit Checker.debug.xcconfig"; path = "Target Support Files/Pods-Speed Limit Checker/Pods-Speed Limit Checker.debug.xcconfig"; sourceTree = "<group>"; };
		A31838A58CE1A47C9FB5C8B8 /* Pods_Speed_Limit_Checker.framework */ = {isa = PBXFileReference; explicitFileType = wrapper.framework; includeInIndex = 0; path = Pods_Speed_Limit_Checker.framework; sourceTree = BUILT_PRODUCTS_DIR; };
		B8BBECFA222A4C7F0017FFB9 /* Speed Limit Checker.app */ = {isa = PBXFileReference; explicitFileType = wrapper.application; includeInIndex = 0; path = "Speed Limit Checker.app"; sourceTree = BUILT_PRODUCTS_DIR; };
		B8BBECFD222A4C7F0017FFB9 /* AppDelegate.swift */ = {isa = PBXFileReference; lastKnownFileType = sourcecode.swift; path = AppDelegate.swift; sourceTree = "<group>"; };
		B8BBECFF222A4C7F0017FFB9 /* PagerVC.swift */ = {isa = PBXFileReference; lastKnownFileType = sourcecode.swift; path = PagerVC.swift; sourceTree = "<group>"; };
		B8BBED04222A4C800017FFB9 /* Assets.xcassets */ = {isa = PBXFileReference; lastKnownFileType = folder.assetcatalog; path = Assets.xcassets; sourceTree = "<group>"; };
		B8BBED07222A4C800017FFB9 /* Base */ = {isa = PBXFileReference; lastKnownFileType = file.storyboard; name = Base; path = Base.lproj/LaunchScreen.storyboard; sourceTree = "<group>"; };
		B8BBED09222A4C800017FFB9 /* Info.plist */ = {isa = PBXFileReference; lastKnownFileType = text.plist.xml; path = Info.plist; sourceTree = "<group>"; };
		B8BBED0F222AEEF50017FFB9 /* MainView.swift */ = {isa = PBXFileReference; lastKnownFileType = sourcecode.swift; path = MainView.swift; sourceTree = "<group>"; };
		B8BBED1A222AF2DE0017FFB9 /* MainVC.swift */ = {isa = PBXFileReference; lastKnownFileType = sourcecode.swift; path = MainVC.swift; sourceTree = "<group>"; };
		B8BBED1C222B1F640017FFB9 /* Constants.swift */ = {isa = PBXFileReference; lastKnownFileType = sourcecode.swift; path = Constants.swift; sourceTree = "<group>"; };
		CFAC87B87A5CEAEE3CFADA0E /* Pods-Speed Limit Checker.release.xcconfig */ = {isa = PBXFileReference; includeInIndex = 1; lastKnownFileType = text.xcconfig; name = "Pods-Speed Limit Checker.release.xcconfig"; path = "Target Support Files/Pods-Speed Limit Checker/Pods-Speed Limit Checker.release.xcconfig"; sourceTree = "<group>"; };
/* End PBXFileReference section */

/* Begin PBXFrameworksBuildPhase section */
		B8BBECF7222A4C7F0017FFB9 /* Frameworks */ = {
			isa = PBXFrameworksBuildPhase;
			buildActionMask = 2147483647;
			files = (
				2FCEF86A3F7E9F4D6BDD6FA9 /* Pods_Speed_Limit_Checker.framework in Frameworks */,
			);
			runOnlyForDeploymentPostprocessing = 0;
		};
/* End PBXFrameworksBuildPhase section */

/* Begin PBXGroup section */
		21C2876F1BDEDFAA45C868F2 /* Frameworks */ = {
			isa = PBXGroup;
			children = (
				A31838A58CE1A47C9FB5C8B8 /* Pods_Speed_Limit_Checker.framework */,
			);
			name = Frameworks;
			sourceTree = "<group>";
		};
		3AD9696F24A1B4E72D97E99E /* Pods */ = {
			isa = PBXGroup;
			children = (
				1E7D768A7F587236C257F8B7 /* Pods-Speed Limit Checker.debug.xcconfig */,
				CFAC87B87A5CEAEE3CFADA0E /* Pods-Speed Limit Checker.release.xcconfig */,
			);
			path = Pods;
			sourceTree = "<group>";
		};
		B8BBECF1222A4C7F0017FFB9 = {
			isa = PBXGroup;
			children = (
				B8BBECFC222A4C7F0017FFB9 /* Speed Limit Checker */,
				B8BBECFB222A4C7F0017FFB9 /* Products */,
				3AD9696F24A1B4E72D97E99E /* Pods */,
				21C2876F1BDEDFAA45C868F2 /* Frameworks */,
			);
			sourceTree = "<group>";
		};
		B8BBECFB222A4C7F0017FFB9 /* Products */ = {
			isa = PBXGroup;
			children = (
				B8BBECFA222A4C7F0017FFB9 /* Speed Limit Checker.app */,
			);
			name = Products;
			sourceTree = "<group>";
		};
		B8BBECFC222A4C7F0017FFB9 /* Speed Limit Checker */ = {
			isa = PBXGroup;
			children = (
				B8BBED11222AEEFC0017FFB9 /* View */,
				B8BBED12222AEF0C0017FFB9 /* Controller */,
				B8BBED13222AEF7B0017FFB9 /* Supporting Files */,
				B8BBED15222AEFA80017FFB9 /* Model */,
				B8BBED09222A4C800017FFB9 /* Info.plist */,
				B8BBED1C222B1F640017FFB9 /* Constants.swift */,
			);
			path = "Speed Limit Checker";
			sourceTree = "<group>";
		};
		B8BBED11222AEEFC0017FFB9 /* View */ = {
			isa = PBXGroup;
			children = (
				B8BBED0F222AEEF50017FFB9 /* MainView.swift */,
			);
			path = View;
			sourceTree = "<group>";
		};
		B8BBED12222AEF0C0017FFB9 /* Controller */ = {
			isa = PBXGroup;
			children = (
				B8BBECFF222A4C7F0017FFB9 /* PagerVC.swift */,
				B8BBED1A222AF2DE0017FFB9 /* MainVC.swift */,
			);
			path = Controller;
			sourceTree = "<group>";
		};
		B8BBED13222AEF7B0017FFB9 /* Supporting Files */ = {
			isa = PBXGroup;
			children = (
				B8BBECFD222A4C7F0017FFB9 /* AppDelegate.swift */,
				B8BBED04222A4C800017FFB9 /* Assets.xcassets */,
				B8BBED06222A4C800017FFB9 /* LaunchScreen.storyboard */,
			);
			path = "Supporting Files";
			sourceTree = "<group>";
		};
		B8BBED15222AEFA80017FFB9 /* Model */ = {
			isa = PBXGroup;
			children = (
			);
			path = Model;
			sourceTree = "<group>";
		};
/* End PBXGroup section */

/* Begin PBXNativeTarget section */
		B8BBECF9222A4C7F0017FFB9 /* Speed Limit Checker */ = {
			isa = PBXNativeTarget;
			buildConfigurationList = B8BBED0C222A4C800017FFB9 /* Build configuration list for PBXNativeTarget "Speed Limit Checker" */;
			buildPhases = (
				8AF4481AEEB43B7F7947ACCB /* [CP] Check Pods Manifest.lock */,
				B8BBECF6222A4C7F0017FFB9 /* Sources */,
				B8BBECF7222A4C7F0017FFB9 /* Frameworks */,
				B8BBECF8222A4C7F0017FFB9 /* Resources */,
				EADB34A695DD09E466F80EA3 /* [CP] Embed Pods Frameworks */,
			);
			buildRules = (
			);
			dependencies = (
			);
			name = "Speed Limit Checker";
			productName = "Speed Limit Checker";
			productReference = B8BBECFA222A4C7F0017FFB9 /* Speed Limit Checker.app */;
			productType = "com.apple.product-type.application";
		};
/* End PBXNativeTarget section */

/* Begin PBXProject section */
		B8BBECF2222A4C7F0017FFB9 /* Project object */ = {
			isa = PBXProject;
			attributes = {
				LastSwiftUpdateCheck = 1020;
				LastUpgradeCheck = 1020;
				ORGANIZATIONNAME = "Vlad Munteanu";
				TargetAttributes = {
					B8BBECF9222A4C7F0017FFB9 = {
						CreatedOnToolsVersion = 10.2;
					};
				};
			};
			buildConfigurationList = B8BBECF5222A4C7F0017FFB9 /* Build configuration list for PBXProject "Speed Limit Checker" */;
			compatibilityVersion = "Xcode 9.3";
			developmentRegion = en;
			hasScannedForEncodings = 0;
			knownRegions = (
				en,
				Base,
			);
			mainGroup = B8BBECF1222A4C7F0017FFB9;
			productRefGroup = B8BBECFB222A4C7F0017FFB9 /* Products */;
			projectDirPath = "";
			projectRoot = "";
			targets = (
				B8BBECF9222A4C7F0017FFB9 /* Speed Limit Checker */,
			);
		};
/* End PBXProject section */

/* Begin PBXResourcesBuildPhase section */
		B8BBECF8222A4C7F0017FFB9 /* Resources */ = {
			isa = PBXResourcesBuildPhase;
			buildActionMask = 2147483647;
			files = (
				B8BBED08222A4C800017FFB9 /* LaunchScreen.storyboard in Resources */,
				B8BBED05222A4C800017FFB9 /* Assets.xcassets in Resources */,
			);
			runOnlyForDeploymentPostprocessing = 0;
		};
/* End PBXResourcesBuildPhase section */

/* Begin PBXShellScriptBuildPhase section */
		8AF4481AEEB43B7F7947ACCB /* [CP] Check Pods Manifest.lock */ = {
			isa = PBXShellScriptBuildPhase;
			buildActionMask = 2147483647;
			files = (
			);
			inputFileListPaths = (
			);
			inputPaths = (
				"${PODS_PODFILE_DIR_PATH}/Podfile.lock",
				"${PODS_ROOT}/Manifest.lock",
			);
			name = "[CP] Check Pods Manifest.lock";
			outputFileListPaths = (
			);
			outputPaths = (
				"$(DERIVED_FILE_DIR)/Pods-Speed Limit Checker-checkManifestLockResult.txt",
			);
			runOnlyForDeploymentPostprocessing = 0;
			shellPath = /bin/sh;
			shellScript = "diff \"${PODS_PODFILE_DIR_PATH}/Podfile.lock\" \"${PODS_ROOT}/Manifest.lock\" > /dev/null\nif [ $? != 0 ] ; then\n    # print error to STDERR\n    echo \"error: The sandbox is not in sync with the Podfile.lock. Run 'pod install' or update your CocoaPods installation.\" >&2\n    exit 1\nfi\n# This output is used by Xcode 'outputs' to avoid re-running this script phase.\necho \"SUCCESS\" > \"${SCRIPT_OUTPUT_FILE_0}\"\n";
			showEnvVarsInLog = 0;
		};
		EADB34A695DD09E466F80EA3 /* [CP] Embed Pods Frameworks */ = {
			isa = PBXShellScriptBuildPhase;
			buildActionMask = 2147483647;
			files = (
			);
			inputFileListPaths = (
			);
			inputPaths = (
				"${PODS_ROOT}/Target Support Files/Pods-Speed Limit Checker/Pods-Speed Limit Checker-frameworks.sh",
				"${BUILT_PRODUCTS_DIR}/SnapKit/SnapKit.framework",
			);
			name = "[CP] Embed Pods Frameworks";
			outputFileListPaths = (
			);
			outputPaths = (
				"${TARGET_BUILD_DIR}/${FRAMEWORKS_FOLDER_PATH}/SnapKit.framework",
			);
			runOnlyForDeploymentPostprocessing = 0;
			shellPath = /bin/sh;
			shellScript = "\"${PODS_ROOT}/Target Support Files/Pods-Speed Limit Checker/Pods-Speed Limit Checker-frameworks.sh\"\n";
			showEnvVarsInLog = 0;
		};
/* End PBXShellScriptBuildPhase section */

/* Begin PBXSourcesBuildPhase section */
		B8BBECF6222A4C7F0017FFB9 /* Sources */ = {
			isa = PBXSourcesBuildPhase;
			buildActionMask = 2147483647;
			files = (
				B8BBED00222A4C7F0017FFB9 /* PagerVC.swift in Sources */,
				B8BBED1B222AF2DE0017FFB9 /* MainVC.swift in Sources */,
				B8BBED1D222B1F640017FFB9 /* Constants.swift in Sources */,
				B8BBED10222AEEF50017FFB9 /* MainView.swift in Sources */,
				B8BBECFE222A4C7F0017FFB9 /* AppDelegate.swift in Sources */,
			);
			runOnlyForDeploymentPostprocessing = 0;
		};
/* End PBXSourcesBuildPhase section */

/* Begin PBXVariantGroup section */
		B8BBED06222A4C800017FFB9 /* LaunchScreen.storyboard */ = {
			isa = PBXVariantGroup;
			children = (
				B8BBED07222A4C800017FFB9 /* Base */,
			);
			name = LaunchScreen.storyboard;
			sourceTree = "<group>";
		};
/* End PBXVariantGroup section */

/* Begin XCBuildConfiguration section */
		B8BBED0A222A4C800017FFB9 /* Debug */ = {
			isa = XCBuildConfiguration;
			buildSettings = {
				ALWAYS_SEARCH_USER_PATHS = NO;
				CLANG_ANALYZER_NONNULL = YES;
				CLANG_ANALYZER_NUMBER_OBJECT_CONVERSION = YES_AGGRESSIVE;
				CLANG_CXX_LANGUAGE_STANDARD = "gnu++14";
				CLANG_CXX_LIBRARY = "libc++";
				CLANG_ENABLE_MODULES = YES;
				CLANG_ENABLE_OBJC_ARC = YES;
				CLANG_ENABLE_OBJC_WEAK = YES;
				CLANG_WARN_BLOCK_CAPTURE_AUTORELEASING = YES;
				CLANG_WARN_BOOL_CONVERSION = YES;
				CLANG_WARN_COMMA = YES;
				CLANG_WARN_CONSTANT_CONVERSION = YES;
				CLANG_WARN_DEPRECATED_OBJC_IMPLEMENTATIONS = YES;
				CLANG_WARN_DIRECT_OBJC_ISA_USAGE = YES_ERROR;
				CLANG_WARN_DOCUMENTATION_COMMENTS = YES;
				CLANG_WARN_EMPTY_BODY = YES;
				CLANG_WARN_ENUM_CONVERSION = YES;
				CLANG_WARN_INFINITE_RECURSION = YES;
				CLANG_WARN_INT_CONVERSION = YES;
				CLANG_WARN_NON_LITERAL_NULL_CONVERSION = YES;
				CLANG_WARN_OBJC_IMPLICIT_RETAIN_SELF = YES;
				CLANG_WARN_OBJC_LITERAL_CONVERSION = YES;
				CLANG_WARN_OBJC_ROOT_CLASS = YES_ERROR;
				CLANG_WARN_RANGE_LOOP_ANALYSIS = YES;
				CLANG_WARN_STRICT_PROTOTYPES = YES;
				CLANG_WARN_SUSPICIOUS_MOVE = YES;
				CLANG_WARN_UNGUARDED_AVAILABILITY = YES_AGGRESSIVE;
				CLANG_WARN_UNREACHABLE_CODE = YES;
				CLANG_WARN__DUPLICATE_METHOD_MATCH = YES;
				CODE_SIGN_IDENTITY = "iPhone Developer";
				COPY_PHASE_STRIP = NO;
				DEBUG_INFORMATION_FORMAT = dwarf;
				ENABLE_STRICT_OBJC_MSGSEND = YES;
				ENABLE_TESTABILITY = YES;
				GCC_C_LANGUAGE_STANDARD = gnu11;
				GCC_DYNAMIC_NO_PIC = NO;
				GCC_NO_COMMON_BLOCKS = YES;
				GCC_OPTIMIZATION_LEVEL = 0;
				GCC_PREPROCESSOR_DEFINITIONS = (
					"DEBUG=1",
					"$(inherited)",
				);
				GCC_WARN_64_TO_32_BIT_CONVERSION = YES;
				GCC_WARN_ABOUT_RETURN_TYPE = YES_ERROR;
				GCC_WARN_UNDECLARED_SELECTOR = YES;
				GCC_WARN_UNINITIALIZED_AUTOS = YES_AGGRESSIVE;
				GCC_WARN_UNUSED_FUNCTION = YES;
				GCC_WARN_UNUSED_VARIABLE = YES;
				IPHONEOS_DEPLOYMENT_TARGET = 10.0;
				MTL_ENABLE_DEBUG_INFO = INCLUDE_SOURCE;
				MTL_FAST_MATH = YES;
				ONLY_ACTIVE_ARCH = YES;
				SDKROOT = iphoneos;
				SWIFT_ACTIVE_COMPILATION_CONDITIONS = DEBUG;
				SWIFT_OPTIMIZATION_LEVEL = "-Onone";
			};
			name = Debug;
		};
		B8BBED0B222A4C800017FFB9 /* Release */ = {
			isa = XCBuildConfiguration;
			buildSettings = {
				ALWAYS_SEARCH_USER_PATHS = NO;
				CLANG_ANALYZER_NONNULL = YES;
				CLANG_ANALYZER_NUMBER_OBJECT_CONVERSION = YES_AGGRESSIVE;
				CLANG_CXX_LANGUAGE_STANDARD = "gnu++14";
				CLANG_CXX_LIBRARY = "libc++";
				CLANG_ENABLE_MODULES = YES;
				CLANG_ENABLE_OBJC_ARC = YES;
				CLANG_ENABLE_OBJC_WEAK = YES;
				CLANG_WARN_BLOCK_CAPTURE_AUTORELEASING = YES;
				CLANG_WARN_BOOL_CONVERSION = YES;
				CLANG_WARN_COMMA = YES;
				CLANG_WARN_CONSTANT_CONVERSION = YES;
				CLANG_WARN_DEPRECATED_OBJC_IMPLEMENTATIONS = YES;
				CLANG_WARN_DIRECT_OBJC_ISA_USAGE = YES_ERROR;
				CLANG_WARN_DOCUMENTATION_COMMENTS = YES;
				CLANG_WARN_EMPTY_BODY = YES;
				CLANG_WARN_ENUM_CONVERSION = YES;
				CLANG_WARN_INFINITE_RECURSION = YES;
				CLANG_WARN_INT_CONVERSION = YES;
				CLANG_WARN_NON_LITERAL_NULL_CONVERSION = YES;
				CLANG_WARN_OBJC_IMPLICIT_RETAIN_SELF = YES;
				CLANG_WARN_OBJC_LITERAL_CONVERSION = YES;
				CLANG_WARN_OBJC_ROOT_CLASS = YES_ERROR;
				CLANG_WARN_RANGE_LOOP_ANALYSIS = YES;
				CLANG_WARN_STRICT_PROTOTYPES = YES;
				CLANG_WARN_SUSPICIOUS_MOVE = YES;
				CLANG_WARN_UNGUARDED_AVAILABILITY = YES_AGGRESSIVE;
				CLANG_WARN_UNREACHABLE_CODE = YES;
				CLANG_WARN__DUPLICATE_METHOD_MATCH = YES;
				CODE_SIGN_IDENTITY = "iPhone Developer";
				COPY_PHASE_STRIP = NO;
				DEBUG_INFORMATION_FORMAT = "dwarf-with-dsym";
				ENABLE_NS_ASSERTIONS = NO;
				ENABLE_STRICT_OBJC_MSGSEND = YES;
				GCC_C_LANGUAGE_STANDARD = gnu11;
				GCC_NO_COMMON_BLOCKS = YES;
				GCC_WARN_64_TO_32_BIT_CONVERSION = YES;
				GCC_WARN_ABOUT_RETURN_TYPE = YES_ERROR;
				GCC_WARN_UNDECLARED_SELECTOR = YES;
				GCC_WARN_UNINITIALIZED_AUTOS = YES_AGGRESSIVE;
				GCC_WARN_UNUSED_FUNCTION = YES;
				GCC_WARN_UNUSED_VARIABLE = YES;
				IPHONEOS_DEPLOYMENT_TARGET = 10.0;
				MTL_ENABLE_DEBUG_INFO = NO;
				MTL_FAST_MATH = YES;
				SDKROOT = iphoneos;
				SWIFT_COMPILATION_MODE = wholemodule;
				SWIFT_OPTIMIZATION_LEVEL = "-O";
				VALIDATE_PRODUCT = YES;
			};
			name = Release;
		};
		B8BBED0D222A4C800017FFB9 /* Debug */ = {
			isa = XCBuildConfiguration;
			baseConfigurationReference = 1E7D768A7F587236C257F8B7 /* Pods-Speed Limit Checker.debug.xcconfig */;
			buildSettings = {
				ASSETCATALOG_COMPILER_APPICON_NAME = AppIcon;
				CODE_SIGN_STYLE = Automatic;
				DEVELOPMENT_TEAM = B8C8RXSHKT;
				INFOPLIST_FILE = "Speed Limit Checker/Info.plist";
				LD_RUNPATH_SEARCH_PATHS = (
					"$(inherited)",
					"@executable_path/Frameworks",
				);
				PRODUCT_BUNDLE_IDENTIFIER = "LesGarcons.Speed-Limit-Checker";
				PRODUCT_NAME = "$(TARGET_NAME)";
				SWIFT_VERSION = 5.0;
				TARGETED_DEVICE_FAMILY = "1,2";
			};
			name = Debug;
		};
		B8BBED0E222A4C800017FFB9 /* Release */ = {
			isa = XCBuildConfiguration;
			baseConfigurationReference = CFAC87B87A5CEAEE3CFADA0E /* Pods-Speed Limit Checker.release.xcconfig */;
			buildSettings = {
				ASSETCATALOG_COMPILER_APPICON_NAME = AppIcon;
				CODE_SIGN_STYLE = Automatic;
				DEVELOPMENT_TEAM = B8C8RXSHKT;
				INFOPLIST_FILE = "Speed Limit Checker/Info.plist";
				LD_RUNPATH_SEARCH_PATHS = (
					"$(inherited)",
					"@executable_path/Frameworks",
				);
				PRODUCT_BUNDLE_IDENTIFIER = "LesGarcons.Speed-Limit-Checker";
				PRODUCT_NAME = "$(TARGET_NAME)";
				SWIFT_VERSION = 5.0;
				TARGETED_DEVICE_FAMILY = "1,2";
			};
			name = Release;
		};
/* End XCBuildConfiguration section */

/* Begin XCConfigurationList section */
		B8BBECF5222A4C7F0017FFB9 /* Build configuration list for PBXProject "Speed Limit Checker" */ = {
			isa = XCConfigurationList;
			buildConfigurations = (
				B8BBED0A222A4C800017FFB9 /* Debug */,
				B8BBED0B222A4C800017FFB9 /* Release */,
			);
			defaultConfigurationIsVisible = 0;
			defaultConfigurationName = Release;
		};
		B8BBED0C222A4C800017FFB9 /* Build configuration list for PBXNativeTarget "Speed Limit Checker" */ = {
			isa = XCConfigurationList;
			buildConfigurations = (
				B8BBED0D222A4C800017FFB9 /* Debug */,
				B8BBED0E222A4C800017FFB9 /* Release */,
			);
			defaultConfigurationIsVisible = 0;
			defaultConfigurationName = Release;
		};
/* End XCConfigurationList section */
	};
	rootObject = B8BBECF2222A4C7F0017FFB9 /* Project object */;
}
